// !$*UTF8*$!
{
	archiveVersion = 1;
	classes = {
	};
	objectVersion = 55;
	objects = {

/* Begin PBXBuildFile section */
		37CC4C52299DB65500684466 /* AppDelegate.swift in Sources */ = {isa = PBXBuildFile; fileRef = 37CC4C51299DB65500684466 /* AppDelegate.swift */; };
		37CC4C54299DB65500684466 /* SceneDelegate.swift in Sources */ = {isa = PBXBuildFile; fileRef = 37CC4C53299DB65500684466 /* SceneDelegate.swift */; };
		37CC4C56299DB65500684466 /* ViewController.swift in Sources */ = {isa = PBXBuildFile; fileRef = 37CC4C55299DB65500684466 /* ViewController.swift */; };
		37CC4C59299DB65500684466 /* Main.storyboard in Resources */ = {isa = PBXBuildFile; fileRef = 37CC4C57299DB65500684466 /* Main.storyboard */; };
		37CC4C5B299DB65500684466 /* Assets.xcassets in Resources */ = {isa = PBXBuildFile; fileRef = 37CC4C5A299DB65500684466 /* Assets.xcassets */; };
		37CC4C5E299DB65500684466 /* LaunchScreen.storyboard in Resources */ = {isa = PBXBuildFile; fileRef = 37CC4C5C299DB65500684466 /* LaunchScreen.storyboard */; };
		37CC4C69299DB65500684466 /* Kondam_CalculatorAppTests.swift in Sources */ = {isa = PBXBuildFile; fileRef = 37CC4C68299DB65500684466 /* Kondam_CalculatorAppTests.swift */; };
		37CC4C73299DB65600684466 /* Kondam_CalculatorAppUITests.swift in Sources */ = {isa = PBXBuildFile; fileRef = 37CC4C72299DB65600684466 /* Kondam_CalculatorAppUITests.swift */; };
		37CC4C75299DB65600684466 /* Kondam_CalculatorAppUITestsLaunchTests.swift in Sources */ = {isa = PBXBuildFile; fileRef = 37CC4C74299DB65600684466 /* Kondam_CalculatorAppUITestsLaunchTests.swift */; };
/* End PBXBuildFile section */

/* Begin PBXContainerItemProxy section */
		37CC4C65299DB65500684466 /* PBXContainerItemProxy */ = {
			isa = PBXContainerItemProxy;
			containerPortal = 37CC4C46299DB65500684466 /* Project object */;
			proxyType = 1;
			remoteGlobalIDString = 37CC4C4D299DB65500684466;
			remoteInfo = Kondam_CalculatorApp;
		};
		37CC4C6F299DB65600684466 /* PBXContainerItemProxy */ = {
			isa = PBXContainerItemProxy;
			containerPortal = 37CC4C46299DB65500684466 /* Project object */;
			proxyType = 1;
			remoteGlobalIDString = 37CC4C4D299DB65500684466;
			remoteInfo = Kondam_CalculatorApp;
		};
/* End PBXContainerItemProxy section */

/* Begin PBXFileReference section */
		37CC4C4E299DB65500684466 /* Kondam_CalculatorApp.app */ = {isa = PBXFileReference; explicitFileType = wrapper.application; includeInIndex = 0; path = Kondam_CalculatorApp.app; sourceTree = BUILT_PRODUCTS_DIR; };
		37CC4C51299DB65500684466 /* AppDelegate.swift */ = {isa = PBXFileReference; lastKnownFileType = sourcecode.swift; path = AppDelegate.swift; sourceTree = "<group>"; };
		37CC4C53299DB65500684466 /* SceneDelegate.swift */ = {isa = PBXFileReference; lastKnownFileType = sourcecode.swift; path = SceneDelegate.swift; sourceTree = "<group>"; };
		37CC4C55299DB65500684466 /* ViewController.swift */ = {isa = PBXFileReference; lastKnownFileType = sourcecode.swift; path = ViewController.swift; sourceTree = "<group>"; };
		37CC4C58299DB65500684466 /* Base */ = {isa = PBXFileReference; lastKnownFileType = file.storyboard; name = Base; path = Base.lproj/Main.storyboard; sourceTree = "<group>"; };
		37CC4C5A299DB65500684466 /* Assets.xcassets */ = {isa = PBXFileReference; lastKnownFileType = folder.assetcatalog; path = Assets.xcassets; sourceTree = "<group>"; };
		37CC4C5D299DB65500684466 /* Base */ = {isa = PBXFileReference; lastKnownFileType = file.storyboard; name = Base; path = Base.lproj/LaunchScreen.storyboard; sourceTree = "<group>"; };
		37CC4C5F299DB65500684466 /* Info.plist */ = {isa = PBXFileReference; lastKnownFileType = text.plist.xml; path = Info.plist; sourceTree = "<group>"; };
		37CC4C64299DB65500684466 /* Kondam_CalculatorAppTests.xctest */ = {isa = PBXFileReference; explicitFileType = wrapper.cfbundle; includeInIndex = 0; path = Kondam_CalculatorAppTests.xctest; sourceTree = BUILT_PRODUCTS_DIR; };
		37CC4C68299DB65500684466 /* Kondam_CalculatorAppTests.swift */ = {isa = PBXFileReference; lastKnownFileType = sourcecode.swift; path = Kondam_CalculatorAppTests.swift; sourceTree = "<group>"; };
		37CC4C6E299DB65600684466 /* Kondam_CalculatorAppUITests.xctest */ = {isa = PBXFileReference; explicitFileType = wrapper.cfbundle; includeInIndex = 0; path = Kondam_CalculatorAppUITests.xctest; sourceTree = BUILT_PRODUCTS_DIR; };
		37CC4C72299DB65600684466 /* Kondam_CalculatorAppUITests.swift */ = {isa = PBXFileReference; lastKnownFileType = sourcecode.swift; path = Kondam_CalculatorAppUITests.swift; sourceTree = "<group>"; };
		37CC4C74299DB65600684466 /* Kondam_CalculatorAppUITestsLaunchTests.swift */ = {isa = PBXFileReference; lastKnownFileType = sourcecode.swift; path = Kondam_CalculatorAppUITestsLaunchTests.swift; sourceTree = "<group>"; };
/* End PBXFileReference section */

/* Begin PBXFrameworksBuildPhase section */
		37CC4C4B299DB65500684466 /* Frameworks */ = {
			isa = PBXFrameworksBuildPhase;
			buildActionMask = 2147483647;
			files = (
			);
			runOnlyForDeploymentPostprocessing = 0;
		};
		37CC4C61299DB65500684466 /* Frameworks */ = {
			isa = PBXFrameworksBuildPhase;
			buildActionMask = 2147483647;
			files = (
			);
			runOnlyForDeploymentPostprocessing = 0;
		};
		37CC4C6B299DB65600684466 /* Frameworks */ = {
			isa = PBXFrameworksBuildPhase;
			buildActionMask = 2147483647;
			files = (
			);
			runOnlyForDeploymentPostprocessing = 0;
		};
/* End PBXFrameworksBuildPhase section */

/* Begin PBXGroup section */
		37CC4C45299DB65500684466 = {
			isa = PBXGroup;
			children = (
				37CC4C50299DB65500684466 /* Kondam_CalculatorApp */,
				37CC4C67299DB65500684466 /* Kondam_CalculatorAppTests */,
				37CC4C71299DB65600684466 /* Kondam_CalculatorAppUITests */,
				37CC4C4F299DB65500684466 /* Products */,
			);
			sourceTree = "<group>";
		};
		37CC4C4F299DB65500684466 /* Products */ = {
			isa = PBXGroup;
			children = (
				37CC4C4E299DB65500684466 /* Kondam_CalculatorApp.app */,
				37CC4C64299DB65500684466 /* Kondam_CalculatorAppTests.xctest */,
				37CC4C6E299DB65600684466 /* Kondam_CalculatorAppUITests.xctest */,
			);
			name = Products;
			sourceTree = "<group>";
		};
		37CC4C50299DB65500684466 /* Kondam_CalculatorApp */ = {
			isa = PBXGroup;
			children = (
				37CC4C51299DB65500684466 /* AppDelegate.swift */,
				37CC4C53299DB65500684466 /* SceneDelegate.swift */,
				37CC4C55299DB65500684466 /* ViewController.swift */,
				37CC4C57299DB65500684466 /* Main.storyboard */,
				37CC4C5A299DB65500684466 /* Assets.xcassets */,
				37CC4C5C299DB65500684466 /* LaunchScreen.storyboard */,
				37CC4C5F299DB65500684466 /* Info.plist */,
			);
			path = Kondam_CalculatorApp;
			sourceTree = "<group>";
		};
		37CC4C67299DB65500684466 /* Kondam_CalculatorAppTests */ = {
			isa = PBXGroup;
			children = (
				37CC4C68299DB65500684466 /* Kondam_CalculatorAppTests.swift */,
			);
			path = Kondam_CalculatorAppTests;
			sourceTree = "<group>";
		};
		37CC4C71299DB65600684466 /* Kondam_CalculatorAppUITests */ = {
			isa = PBXGroup;
			children = (
				37CC4C72299DB65600684466 /* Kondam_CalculatorAppUITests.swift */,
				37CC4C74299DB65600684466 /* Kondam_CalculatorAppUITestsLaunchTests.swift */,
			);
			path = Kondam_CalculatorAppUITests;
			sourceTree = "<group>";
		};
/* End PBXGroup section */

/* Begin PBXNativeTarget section */
		37CC4C4D299DB65500684466 /* Kondam_CalculatorApp */ = {
			isa = PBXNativeTarget;
			buildConfigurationList = 37CC4C78299DB65600684466 /* Build configuration list for PBXNativeTarget "Kondam_CalculatorApp" */;
			buildPhases = (
				37CC4C4A299DB65500684466 /* Sources */,
				37CC4C4B299DB65500684466 /* Frameworks */,
				37CC4C4C299DB65500684466 /* Resources */,
			);
			buildRules = (
			);
			dependencies = (
			);
			name = Kondam_CalculatorApp;
			productName = Kondam_CalculatorApp;
			productReference = 37CC4C4E299DB65500684466 /* Kondam_CalculatorApp.app */;
			productType = "com.apple.product-type.application";
		};
		37CC4C63299DB65500684466 /* Kondam_CalculatorAppTests */ = {
			isa = PBXNativeTarget;
			buildConfigurationList = 37CC4C7B299DB65600684466 /* Build configuration list for PBXNativeTarget "Kondam_CalculatorAppTests" */;
			buildPhases = (
				37CC4C60299DB65500684466 /* Sources */,
				37CC4C61299DB65500684466 /* Frameworks */,
				37CC4C62299DB65500684466 /* Resources */,
			);
			buildRules = (
			);
			dependencies = (
				37CC4C66299DB65500684466 /* PBXTargetDependency */,
			);
			name = Kondam_CalculatorAppTests;
			productName = Kondam_CalculatorAppTests;
			productReference = 37CC4C64299DB65500684466 /* Kondam_CalculatorAppTests.xctest */;
			productType = "com.apple.product-type.bundle.unit-test";
		};
		37CC4C6D299DB65600684466 /* Kondam_CalculatorAppUITests */ = {
			isa = PBXNativeTarget;
			buildConfigurationList = 37CC4C7E299DB65600684466 /* Build configuration list for PBXNativeTarget "Kondam_CalculatorAppUITests" */;
			buildPhases = (
				37CC4C6A299DB65600684466 /* Sources */,
				37CC4C6B299DB65600684466 /* Frameworks */,
				37CC4C6C299DB65600684466 /* Resources */,
			);
			buildRules = (
			);
			dependencies = (
				37CC4C70299DB65600684466 /* PBXTargetDependency */,
			);
			name = Kondam_CalculatorAppUITests;
			productName = Kondam_CalculatorAppUITests;
			productReference = 37CC4C6E299DB65600684466 /* Kondam_CalculatorAppUITests.xctest */;
			productType = "com.apple.product-type.bundle.ui-testing";
		};
/* End PBXNativeTarget section */

/* Begin PBXProject section */
		37CC4C46299DB65500684466 /* Project object */ = {
			isa = PBXProject;
			attributes = {
				BuildIndependentTargetsInParallel = 1;
				LastSwiftUpdateCheck = 1400;
				LastUpgradeCheck = 1400;
				TargetAttributes = {
					37CC4C4D299DB65500684466 = {
						CreatedOnToolsVersion = 14.0.1;
					};
					37CC4C63299DB65500684466 = {
						CreatedOnToolsVersion = 14.0.1;
						TestTargetID = 37CC4C4D299DB65500684466;
					};
					37CC4C6D299DB65600684466 = {
						CreatedOnToolsVersion = 14.0.1;
						TestTargetID = 37CC4C4D299DB65500684466;
					};
				};
			};
			buildConfigurationList = 37CC4C49299DB65500684466 /* Build configuration list for PBXProject "Kondam_CalculatorApp" */;
			compatibilityVersion = "Xcode 13.0";
			developmentRegion = en;
			hasScannedForEncodings = 0;
			knownRegions = (
				en,
				Base,
			);
			mainGroup = 37CC4C45299DB65500684466;
			productRefGroup = 37CC4C4F299DB65500684466 /* Products */;
			projectDirPath = "";
			projectRoot = "";
			targets = (
				37CC4C4D299DB65500684466 /* Kondam_CalculatorApp */,
				37CC4C63299DB65500684466 /* Kondam_CalculatorAppTests */,
				37CC4C6D299DB65600684466 /* Kondam_CalculatorAppUITests */,
			);
		};
/* End PBXProject section */

/* Begin PBXResourcesBuildPhase section */
		37CC4C4C299DB65500684466 /* Resources */ = {
			isa = PBXResourcesBuildPhase;
			buildActionMask = 2147483647;
			files = (
				37CC4C5E299DB65500684466 /* LaunchScreen.storyboard in Resources */,
				37CC4C5B299DB65500684466 /* Assets.xcassets in Resources */,
				37CC4C59299DB65500684466 /* Main.storyboard in Resources */,
			);
			runOnlyForDeploymentPostprocessing = 0;
		};
		37CC4C62299DB65500684466 /* Resources */ = {
			isa = PBXResourcesBuildPhase;
			buildActionMask = 2147483647;
			files = (
			);
			runOnlyForDeploymentPostprocessing = 0;
		};
		37CC4C6C299DB65600684466 /* Resources */ = {
			isa = PBXResourcesBuildPhase;
			buildActionMask = 2147483647;
			files = (
			);
			runOnlyForDeploymentPostprocessing = 0;
		};
/* End PBXResourcesBuildPhase section */

/* Begin PBXSourcesBuildPhase section */
		37CC4C4A299DB65500684466 /* Sources */ = {
			isa = PBXSourcesBuildPhase;
			buildActionMask = 2147483647;
			files = (
				37CC4C56299DB65500684466 /* ViewController.swift in Sources */,
				37CC4C52299DB65500684466 /* AppDelegate.swift in Sources */,
				37CC4C54299DB65500684466 /* SceneDelegate.swift in Sources */,
			);
			runOnlyForDeploymentPostprocessing = 0;
		};
		37CC4C60299DB65500684466 /* Sources */ = {
			isa = PBXSourcesBuildPhase;
			buildActionMask = 2147483647;
			files = (
				37CC4C69299DB65500684466 /* Kondam_CalculatorAppTests.swift in Sources */,
			);
			runOnlyForDeploymentPostprocessing = 0;
		};
		37CC4C6A299DB65600684466 /* Sources */ = {
			isa = PBXSourcesBuildPhase;
			buildActionMask = 2147483647;
			files = (
				37CC4C75299DB65600684466 /* Kondam_CalculatorAppUITestsLaunchTests.swift in Sources */,
				37CC4C73299DB65600684466 /* Kondam_CalculatorAppUITests.swift in Sources */,
			);
			runOnlyForDeploymentPostprocessing = 0;
		};
/* End PBXSourcesBuildPhase section */

/* Begin PBXTargetDependency section */
		37CC4C66299DB65500684466 /* PBXTargetDependency */ = {
			isa = PBXTargetDependency;
			target = 37CC4C4D299DB65500684466 /* Kondam_CalculatorApp */;
			targetProxy = 37CC4C65299DB65500684466 /* PBXContainerItemProxy */;
		};
		37CC4C70299DB65600684466 /* PBXTargetDependency */ = {
			isa = PBXTargetDependency;
			target = 37CC4C4D299DB65500684466 /* Kondam_CalculatorApp */;
			targetProxy = 37CC4C6F299DB65600684466 /* PBXContainerItemProxy */;
		};
/* End PBXTargetDependency section */

/* Begin PBXVariantGroup section */
		37CC4C57299DB65500684466 /* Main.storyboard */ = {
			isa = PBXVariantGroup;
			children = (
				37CC4C58299DB65500684466 /* Base */,
			);
			name = Main.storyboard;
			sourceTree = "<group>";
		};
		37CC4C5C299DB65500684466 /* LaunchScreen.storyboard */ = {
			isa = PBXVariantGroup;
			children = (
				37CC4C5D299DB65500684466 /* Base */,
			);
			name = LaunchScreen.storyboard;
			sourceTree = "<group>";
		};
/* End PBXVariantGroup section */

/* Begin XCBuildConfiguration section */
		37CC4C76299DB65600684466 /* Debug */ = {
			isa = XCBuildConfiguration;
			buildSettings = {
				ALWAYS_SEARCH_USER_PATHS = NO;
				CLANG_ANALYZER_NONNULL = YES;
				CLANG_ANALYZER_NUMBER_OBJECT_CONVERSION = YES_AGGRESSIVE;
				CLANG_CXX_LANGUAGE_STANDARD = "gnu++20";
				CLANG_ENABLE_MODULES = YES;
				CLANG_ENABLE_OBJC_ARC = YES;
				CLANG_ENABLE_OBJC_WEAK = YES;
				CLANG_WARN_BLOCK_CAPTURE_AUTORELEASING = YES;
				CLANG_WARN_BOOL_CONVERSION = YES;
				CLANG_WARN_COMMA = YES;
				CLANG_WARN_CONSTANT_CONVERSION = YES;
				CLANG_WARN_DEPRECATED_OBJC_IMPLEMENTATIONS = YES;
				CLANG_WARN_DIRECT_OBJC_ISA_USAGE = YES_ERROR;
				CLANG_WARN_DOCUMENTATION_COMMENTS = YES;
				CLANG_WARN_EMPTY_BODY = YES;
				CLANG_WARN_ENUM_CONVERSION = YES;
				CLANG_WARN_INFINITE_RECURSION = YES;
				CLANG_WARN_INT_CONVERSION = YES;
				CLANG_WARN_NON_LITERAL_NULL_CONVERSION = YES;
				CLANG_WARN_OBJC_IMPLICIT_RETAIN_SELF = YES;
				CLANG_WARN_OBJC_LITERAL_CONVERSION = YES;
				CLANG_WARN_OBJC_ROOT_CLASS = YES_ERROR;
				CLANG_WARN_QUOTED_INCLUDE_IN_FRAMEWORK_HEADER = YES;
				CLANG_WARN_RANGE_LOOP_ANALYSIS = YES;
				CLANG_WARN_STRICT_PROTOTYPES = YES;
				CLANG_WARN_SUSPICIOUS_MOVE = YES;
				CLANG_WARN_UNGUARDED_AVAILABILITY = YES_AGGRESSIVE;
				CLANG_WARN_UNREACHABLE_CODE = YES;
				CLANG_WARN__DUPLICATE_METHOD_MATCH = YES;
				COPY_PHASE_STRIP = NO;
				DEBUG_INFORMATION_FORMAT = dwarf;
				ENABLE_STRICT_OBJC_MSGSEND = YES;
				ENABLE_TESTABILITY = YES;
				GCC_C_LANGUAGE_STANDARD = gnu11;
				GCC_DYNAMIC_NO_PIC = NO;
				GCC_NO_COMMON_BLOCKS = YES;
				GCC_OPTIMIZATION_LEVEL = 0;
				GCC_PREPROCESSOR_DEFINITIONS = (
					"DEBUG=1",
					"$(inherited)",
				);
				GCC_WARN_64_TO_32_BIT_CONVERSION = YES;
				GCC_WARN_ABOUT_RETURN_TYPE = YES_ERROR;
				GCC_WARN_UNDECLARED_SELECTOR = YES;
				GCC_WARN_UNINITIALIZED_AUTOS = YES_AGGRESSIVE;
				GCC_WARN_UNUSED_FUNCTION = YES;
				GCC_WARN_UNUSED_VARIABLE = YES;
				IPHONEOS_DEPLOYMENT_TARGET = 16.0;
				MTL_ENABLE_DEBUG_INFO = INCLUDE_SOURCE;
				MTL_FAST_MATH = YES;
				ONLY_ACTIVE_ARCH = YES;
				SDKROOT = iphoneos;
				SWIFT_ACTIVE_COMPILATION_CONDITIONS = DEBUG;
				SWIFT_OPTIMIZATION_LEVEL = "-Onone";
			};
			name = Debug;
		};
		37CC4C77299DB65600684466 /* Release */ = {
			isa = XCBuildConfiguration;
			buildSettings = {
				ALWAYS_SEARCH_USER_PATHS = NO;
				CLANG_ANALYZER_NONNULL = YES;
				CLANG_ANALYZER_NUMBER_OBJECT_CONVERSION = YES_AGGRESSIVE;
				CLANG_CXX_LANGUAGE_STANDARD = "gnu++20";
				CLANG_ENABLE_MODULES = YES;
				CLANG_ENABLE_OBJC_ARC = YES;
				CLANG_ENABLE_OBJC_WEAK = YES;
				CLANG_WARN_BLOCK_CAPTURE_AUTORELEASING = YES;
				CLANG_WARN_BOOL_CONVERSION = YES;
				CLANG_WARN_COMMA = YES;
				CLANG_WARN_CONSTANT_CONVERSION = YES;
				CLANG_WARN_DEPRECATED_OBJC_IMPLEMENTATIONS = YES;
				CLANG_WARN_DIRECT_OBJC_ISA_USAGE = YES_ERROR;
				CLANG_WARN_DOCUMENTATION_COMMENTS = YES;
				CLANG_WARN_EMPTY_BODY = YES;
				CLANG_WARN_ENUM_CONVERSION = YES;
				CLANG_WARN_INFINITE_RECURSION = YES;
				CLANG_WARN_INT_CONVERSION = YES;
				CLANG_WARN_NON_LITERAL_NULL_CONVERSION = YES;
				CLANG_WARN_OBJC_IMPLICIT_RETAIN_SELF = YES;
				CLANG_WARN_OBJC_LITERAL_CONVERSION = YES;
				CLANG_WARN_OBJC_ROOT_CLASS = YES_ERROR;
				CLANG_WARN_QUOTED_INCLUDE_IN_FRAMEWORK_HEADER = YES;
				CLANG_WARN_RANGE_LOOP_ANALYSIS = YES;
				CLANG_WARN_STRICT_PROTOTYPES = YES;
				CLANG_WARN_SUSPICIOUS_MOVE = YES;
				CLANG_WARN_UNGUARDED_AVAILABILITY = YES_AGGRESSIVE;
				CLANG_WARN_UNREACHABLE_CODE = YES;
				CLANG_WARN__DUPLICATE_METHOD_MATCH = YES;
				COPY_PHASE_STRIP = NO;
				DEBUG_INFORMATION_FORMAT = "dwarf-with-dsym";
				ENABLE_NS_ASSERTIONS = NO;
				ENABLE_STRICT_OBJC_MSGSEND = YES;
				GCC_C_LANGUAGE_STANDARD = gnu11;
				GCC_NO_COMMON_BLOCKS = YES;
				GCC_WARN_64_TO_32_BIT_CONVERSION = YES;
				GCC_WARN_ABOUT_RETURN_TYPE = YES_ERROR;
				GCC_WARN_UNDECLARED_SELECTOR = YES;
				GCC_WARN_UNINITIALIZED_AUTOS = YES_AGGRESSIVE;
				GCC_WARN_UNUSED_FUNCTION = YES;
				GCC_WARN_UNUSED_VARIABLE = YES;
				IPHONEOS_DEPLOYMENT_TARGET = 16.0;
				MTL_ENABLE_DEBUG_INFO = NO;
				MTL_FAST_MATH = YES;
				SDKROOT = iphoneos;
				SWIFT_COMPILATION_MODE = wholemodule;
				SWIFT_OPTIMIZATION_LEVEL = "-O";
				VALIDATE_PRODUCT = YES;
			};
			name = Release;
		};
		37CC4C79299DB65600684466 /* Debug */ = {
			isa = XCBuildConfiguration;
			buildSettings = {
				ASSETCATALOG_COMPILER_APPICON_NAME = AppIcon;
				ASSETCATALOG_COMPILER_GLOBAL_ACCENT_COLOR_NAME = AccentColor;
				CODE_SIGN_STYLE = Automatic;
				CURRENT_PROJECT_VERSION = 1;
				GENERATE_INFOPLIST_FILE = YES;
				INFOPLIST_FILE = Kondam_CalculatorApp/Info.plist;
				INFOPLIST_KEY_UIApplicationSupportsIndirectInputEvents = YES;
				INFOPLIST_KEY_UILaunchStoryboardName = LaunchScreen;
				INFOPLIST_KEY_UIMainStoryboardFile = Main;
				INFOPLIST_KEY_UISupportedInterfaceOrientations_iPad = "UIInterfaceOrientationPortrait UIInterfaceOrientationPortraitUpsideDown UIInterfaceOrientationLandscapeLeft UIInterfaceOrientationLandscapeRight";
				INFOPLIST_KEY_UISupportedInterfaceOrientations_iPhone = "UIInterfaceOrientationPortrait UIInterfaceOrientationLandscapeLeft UIInterfaceOrientationLandscapeRight";
				IPHONEOS_DEPLOYMENT_TARGET = 15.0;
				LD_RUNPATH_SEARCH_PATHS = (
					"$(inherited)",
					"@executable_path/Frameworks",
				);
				MARKETING_VERSION = 1.0;
				PRODUCT_BUNDLE_IDENTIFIER = "nwmissouri.edu.Kondam-CalculatorApp";
				PRODUCT_NAME = "$(TARGET_NAME)";
				SWIFT_EMIT_LOC_STRINGS = YES;
				SWIFT_VERSION = 5.0;
				TARGETED_DEVICE_FAMILY = "1,2";
			};
			name = Debug;
		};
		37CC4C7A299DB65600684466 /* Release */ = {
			isa = XCBuildConfiguration;
			buildSettings = {
				ASSETCATALOG_COMPILER_APPICON_NAME = AppIcon;
				ASSETCATALOG_COMPILER_GLOBAL_ACCENT_COLOR_NAME = AccentColor;
				CODE_SIGN_STYLE = Automatic;
				CURRENT_PROJECT_VERSION = 1;
				GENERATE_INFOPLIST_FILE = YES;
				INFOPLIST_FILE = Kondam_CalculatorApp/Info.plist;
				INFOPLIST_KEY_UIApplicationSupportsIndirectInputEvents = YES;
				INFOPLIST_KEY_UILaunchStoryboardName = LaunchScreen;
				INFOPLIST_KEY_UIMainStoryboardFile = Main;
				INFOPLIST_KEY_UISupportedInterfaceOrientations_iPad = "UIInterfaceOrientationPortrait UIInterfaceOrientationPortraitUpsideDown UIInterfaceOrientationLandscapeLeft UIInterfaceOrientationLandscapeRight";
				INFOPLIST_KEY_UISupportedInterfaceOrientations_iPhone = "UIInterfaceOrientationPortrait UIInterfaceOrientationLandscapeLeft UIInterfaceOrientationLandscapeRight";
				IPHONEOS_DEPLOYMENT_TARGET = 15.0;
				LD_RUNPATH_SEARCH_PATHS = (
					"$(inherited)",
					"@executable_path/Frameworks",
				);
				MARKETING_VERSION = 1.0;
				PRODUCT_BUNDLE_IDENTIFIER = "nwmissouri.edu.Kondam-CalculatorApp";
				PRODUCT_NAME = "$(TARGET_NAME)";
				SWIFT_EMIT_LOC_STRINGS = YES;
				SWIFT_VERSION = 5.0;
				TARGETED_DEVICE_FAMILY = "1,2";
			};
			name = Release;
		};
		37CC4C7C299DB65600684466 /* Debug */ = {
			isa = XCBuildConfiguration;
			buildSettings = {
				ALWAYS_EMBED_SWIFT_STANDARD_LIBRARIES = YES;
				BUNDLE_LOADER = "$(TEST_HOST)";
				CODE_SIGN_STYLE = Automatic;
				CURRENT_PROJECT_VERSION = 1;
				GENERATE_INFOPLIST_FILE = YES;
				IPHONEOS_DEPLOYMENT_TARGET = 16.0;
				MARKETING_VERSION = 1.0;
				PRODUCT_BUNDLE_IDENTIFIER = "nwmissouri.edu.Kondam-CalculatorAppTests";
				PRODUCT_NAME = "$(TARGET_NAME)";
				SWIFT_EMIT_LOC_STRINGS = NO;
				SWIFT_VERSION = 5.0;
				TARGETED_DEVICE_FAMILY = "1,2";
				TEST_HOST = "$(BUILT_PRODUCTS_DIR)/Kondam_CalculatorApp.app/$(BUNDLE_EXECUTABLE_FOLDER_PATH)/Kondam_CalculatorApp";
			};
			name = Debug;
		};
		37CC4C7D299DB65600684466 /* Release */ = {
			isa = XCBuildConfiguration;
			buildSettings = {
				ALWAYS_EMBED_SWIFT_STANDARD_LIBRARIES = YES;
				BUNDLE_LOADER = "$(TEST_HOST)";
				CODE_SIGN_STYLE = Automatic;
				CURRENT_PROJECT_VERSION = 1;
				GENERATE_INFOPLIST_FILE = YES;
				IPHONEOS_DEPLOYMENT_TARGET = 16.0;
				MARKETING_VERSION = 1.0;
				PRODUCT_BUNDLE_IDENTIFIER = "nwmissouri.edu.Kondam-CalculatorAppTests";
				PRODUCT_NAME = "$(TARGET_NAME)";
				SWIFT_EMIT_LOC_STRINGS = NO;
				SWIFT_VERSION = 5.0;
				TARGETED_DEVICE_FAMILY = "1,2";
				TEST_HOST = "$(BUILT_PRODUCTS_DIR)/Kondam_CalculatorApp.app/$(BUNDLE_EXECUTABLE_FOLDER_PATH)/Kondam_CalculatorApp";
			};
			name = Release;
		};
		37CC4C7F299DB65600684466 /* Debug */ = {
			isa = XCBuildConfiguration;
			buildSettings = {
				ALWAYS_EMBED_SWIFT_STANDARD_LIBRARIES = YES;
				CODE_SIGN_STYLE = Automatic;
				CURRENT_PROJECT_VERSION = 1;
				GENERATE_INFOPLIST_FILE = YES;
				MARKETING_VERSION = 1.0;
				PRODUCT_BUNDLE_IDENTIFIER = "nwmissouri.edu.Kondam-CalculatorAppUITests";
				PRODUCT_NAME = "$(TARGET_NAME)";
				SWIFT_EMIT_LOC_STRINGS = NO;
				SWIFT_VERSION = 5.0;
				TARGETED_DEVICE_FAMILY = "1,2";
				TEST_TARGET_NAME = Kondam_CalculatorApp;
			};
			name = Debug;
		};
		37CC4C80299DB65600684466 /* Release */ = {
			isa = XCBuildConfiguration;
			buildSettings = {
				ALWAYS_EMBED_SWIFT_STANDARD_LIBRARIES = YES;
				CODE_SIGN_STYLE = Automatic;
				CURRENT_PROJECT_VERSION = 1;
				GENERATE_INFOPLIST_FILE = YES;
				MARKETING_VERSION = 1.0;
				PRODUCT_BUNDLE_IDENTIFIER = "nwmissouri.edu.Kondam-CalculatorAppUITests";
				PRODUCT_NAME = "$(TARGET_NAME)";
				SWIFT_EMIT_LOC_STRINGS = NO;
				SWIFT_VERSION = 5.0;
				TARGETED_DEVICE_FAMILY = "1,2";
				TEST_TARGET_NAME = Kondam_CalculatorApp;
			};
			name = Release;
		};
/* End XCBuildConfiguration section */

/* Begin XCConfigurationList section */
		37CC4C49299DB65500684466 /* Build configuration list for PBXProject "Kondam_CalculatorApp" */ = {
			isa = XCConfigurationList;
			buildConfigurations = (
				37CC4C76299DB65600684466 /* Debug */,
				37CC4C77299DB65600684466 /* Release */,
			);
			defaultConfigurationIsVisible = 0;
			defaultConfigurationName = Release;
		};
		37CC4C78299DB65600684466 /* Build configuration list for PBXNativeTarget "Kondam_CalculatorApp" */ = {
			isa = XCConfigurationList;
			buildConfigurations = (
				37CC4C79299DB65600684466 /* Debug */,
				37CC4C7A299DB65600684466 /* Release */,
			);
			defaultConfigurationIsVisible = 0;
			defaultConfigurationName = Release;
		};
		37CC4C7B299DB65600684466 /* Build configuration list for PBXNativeTarget "Kondam_CalculatorAppTests" */ = {
			isa = XCConfigurationList;
			buildConfigurations = (
				37CC4C7C299DB65600684466 /* Debug */,
				37CC4C7D299DB65600684466 /* Release */,
			);
			defaultConfigurationIsVisible = 0;
			defaultConfigurationName = Release;
		};
		37CC4C7E299DB65600684466 /* Build configuration list for PBXNativeTarget "Kondam_CalculatorAppUITests" */ = {
			isa = XCConfigurationList;
			buildConfigurations = (
				37CC4C7F299DB65600684466 /* Debug */,
				37CC4C80299DB65600684466 /* Release */,
			);
			defaultConfigurationIsVisible = 0;
			defaultConfigurationName = Release;
		};
/* End XCConfigurationList section */
	};
	rootObject = 37CC4C46299DB65500684466 /* Project object */;
}
