// !$*UTF8*$!
{
	archiveVersion = 1;
	classes = {
	};
	objectVersion = 55;
	objects = {

/* Begin PBXBuildFile section */
		371AFD772989572F00251CEE /* AppDelegate.swift in Sources */ = {isa = PBXBuildFile; fileRef = 371AFD762989572F00251CEE /* AppDelegate.swift */; };
		371AFD792989572F00251CEE /* SceneDelegate.swift in Sources */ = {isa = PBXBuildFile; fileRef = 371AFD782989572F00251CEE /* SceneDelegate.swift */; };
		371AFD7B2989572F00251CEE /* ViewController.swift in Sources */ = {isa = PBXBuildFile; fileRef = 371AFD7A2989572F00251CEE /* ViewController.swift */; };
		371AFD7E2989572F00251CEE /* Main.storyboard in Resources */ = {isa = PBXBuildFile; fileRef = 371AFD7C2989572F00251CEE /* Main.storyboard */; };
		371AFD802989573200251CEE /* Assets.xcassets in Resources */ = {isa = PBXBuildFile; fileRef = 371AFD7F2989573200251CEE /* Assets.xcassets */; };
		371AFD832989573200251CEE /* LaunchScreen.storyboard in Resources */ = {isa = PBXBuildFile; fileRef = 371AFD812989573200251CEE /* LaunchScreen.storyboard */; };
		371AFD8E2989573200251CEE /* vowelAppTests.swift in Sources */ = {isa = PBXBuildFile; fileRef = 371AFD8D2989573200251CEE /* vowelAppTests.swift */; };
		371AFD982989573200251CEE /* vowelAppUITests.swift in Sources */ = {isa = PBXBuildFile; fileRef = 371AFD972989573200251CEE /* vowelAppUITests.swift */; };
		371AFD9A2989573200251CEE /* vowelAppUITestsLaunchTests.swift in Sources */ = {isa = PBXBuildFile; fileRef = 371AFD992989573200251CEE /* vowelAppUITestsLaunchTests.swift */; };
/* End PBXBuildFile section */

/* Begin PBXContainerItemProxy section */
		371AFD8A2989573200251CEE /* PBXContainerItemProxy */ = {
			isa = PBXContainerItemProxy;
			containerPortal = 371AFD6B2989572F00251CEE /* Project object */;
			proxyType = 1;
			remoteGlobalIDString = 371AFD722989572F00251CEE;
			remoteInfo = vowelApp;
		};
		371AFD942989573200251CEE /* PBXContainerItemProxy */ = {
			isa = PBXContainerItemProxy;
			containerPortal = 371AFD6B2989572F00251CEE /* Project object */;
			proxyType = 1;
			remoteGlobalIDString = 371AFD722989572F00251CEE;
			remoteInfo = vowelApp;
		};
/* End PBXContainerItemProxy section */

/* Begin PBXFileReference section */
		371AFD732989572F00251CEE /* vowelApp.app */ = {isa = PBXFileReference; explicitFileType = wrapper.application; includeInIndex = 0; path = vowelApp.app; sourceTree = BUILT_PRODUCTS_DIR; };
		371AFD762989572F00251CEE /* AppDelegate.swift */ = {isa = PBXFileReference; lastKnownFileType = sourcecode.swift; path = AppDelegate.swift; sourceTree = "<group>"; };
		371AFD782989572F00251CEE /* SceneDelegate.swift */ = {isa = PBXFileReference; lastKnownFileType = sourcecode.swift; path = SceneDelegate.swift; sourceTree = "<group>"; };
		371AFD7A2989572F00251CEE /* ViewController.swift */ = {isa = PBXFileReference; lastKnownFileType = sourcecode.swift; path = ViewController.swift; sourceTree = "<group>"; };
		371AFD7D2989572F00251CEE /* Base */ = {isa = PBXFileReference; lastKnownFileType = file.storyboard; name = Base; path = Base.lproj/Main.storyboard; sourceTree = "<group>"; };
		371AFD7F2989573200251CEE /* Assets.xcassets */ = {isa = PBXFileReference; lastKnownFileType = folder.assetcatalog; path = Assets.xcassets; sourceTree = "<group>"; };
		371AFD822989573200251CEE /* Base */ = {isa = PBXFileReference; lastKnownFileType = file.storyboard; name = Base; path = Base.lproj/LaunchScreen.storyboard; sourceTree = "<group>"; };
		371AFD842989573200251CEE /* Info.plist */ = {isa = PBXFileReference; lastKnownFileType = text.plist.xml; path = Info.plist; sourceTree = "<group>"; };
		371AFD892989573200251CEE /* vowelAppTests.xctest */ = {isa = PBXFileReference; explicitFileType = wrapper.cfbundle; includeInIndex = 0; path = vowelAppTests.xctest; sourceTree = BUILT_PRODUCTS_DIR; };
		371AFD8D2989573200251CEE /* vowelAppTests.swift */ = {isa = PBXFileReference; lastKnownFileType = sourcecode.swift; path = vowelAppTests.swift; sourceTree = "<group>"; };
		371AFD932989573200251CEE /* vowelAppUITests.xctest */ = {isa = PBXFileReference; explicitFileType = wrapper.cfbundle; includeInIndex = 0; path = vowelAppUITests.xctest; sourceTree = BUILT_PRODUCTS_DIR; };
		371AFD972989573200251CEE /* vowelAppUITests.swift */ = {isa = PBXFileReference; lastKnownFileType = sourcecode.swift; path = vowelAppUITests.swift; sourceTree = "<group>"; };
		371AFD992989573200251CEE /* vowelAppUITestsLaunchTests.swift */ = {isa = PBXFileReference; lastKnownFileType = sourcecode.swift; path = vowelAppUITestsLaunchTests.swift; sourceTree = "<group>"; };
/* End PBXFileReference section */

/* Begin PBXFrameworksBuildPhase section */
		371AFD702989572F00251CEE /* Frameworks */ = {
			isa = PBXFrameworksBuildPhase;
			buildActionMask = 2147483647;
			files = (
			);
			runOnlyForDeploymentPostprocessing = 0;
		};
		371AFD862989573200251CEE /* Frameworks */ = {
			isa = PBXFrameworksBuildPhase;
			buildActionMask = 2147483647;
			files = (
			);
			runOnlyForDeploymentPostprocessing = 0;
		};
		371AFD902989573200251CEE /* Frameworks */ = {
			isa = PBXFrameworksBuildPhase;
			buildActionMask = 2147483647;
			files = (
			);
			runOnlyForDeploymentPostprocessing = 0;
		};
/* End PBXFrameworksBuildPhase section */

/* Begin PBXGroup section */
		371AFD6A2989572F00251CEE = {
			isa = PBXGroup;
			children = (
				371AFD752989572F00251CEE /* vowelApp */,
				371AFD8C2989573200251CEE /* vowelAppTests */,
				371AFD962989573200251CEE /* vowelAppUITests */,
				371AFD742989572F00251CEE /* Products */,
			);
			sourceTree = "<group>";
		};
		371AFD742989572F00251CEE /* Products */ = {
			isa = PBXGroup;
			children = (
				371AFD732989572F00251CEE /* vowelApp.app */,
				371AFD892989573200251CEE /* vowelAppTests.xctest */,
				371AFD932989573200251CEE /* vowelAppUITests.xctest */,
			);
			name = Products;
			sourceTree = "<group>";
		};
		371AFD752989572F00251CEE /* vowelApp */ = {
			isa = PBXGroup;
			children = (
				371AFD762989572F00251CEE /* AppDelegate.swift */,
				371AFD782989572F00251CEE /* SceneDelegate.swift */,
				371AFD7A2989572F00251CEE /* ViewController.swift */,
				371AFD7C2989572F00251CEE /* Main.storyboard */,
				371AFD7F2989573200251CEE /* Assets.xcassets */,
				371AFD812989573200251CEE /* LaunchScreen.storyboard */,
				371AFD842989573200251CEE /* Info.plist */,
			);
			path = vowelApp;
			sourceTree = "<group>";
		};
		371AFD8C2989573200251CEE /* vowelAppTests */ = {
			isa = PBXGroup;
			children = (
				371AFD8D2989573200251CEE /* vowelAppTests.swift */,
			);
			path = vowelAppTests;
			sourceTree = "<group>";
		};
		371AFD962989573200251CEE /* vowelAppUITests */ = {
			isa = PBXGroup;
			children = (
				371AFD972989573200251CEE /* vowelAppUITests.swift */,
				371AFD992989573200251CEE /* vowelAppUITestsLaunchTests.swift */,
			);
			path = vowelAppUITests;
			sourceTree = "<group>";
		};
/* End PBXGroup section */

/* Begin PBXNativeTarget section */
		371AFD722989572F00251CEE /* vowelApp */ = {
			isa = PBXNativeTarget;
			buildConfigurationList = 371AFD9D2989573200251CEE /* Build configuration list for PBXNativeTarget "vowelApp" */;
			buildPhases = (
				371AFD6F2989572F00251CEE /* Sources */,
				371AFD702989572F00251CEE /* Frameworks */,
				371AFD712989572F00251CEE /* Resources */,
			);
			buildRules = (
			);
			dependencies = (
			);
			name = vowelApp;
			productName = vowelApp;
			productReference = 371AFD732989572F00251CEE /* vowelApp.app */;
			productType = "com.apple.product-type.application";
		};
		371AFD882989573200251CEE /* vowelAppTests */ = {
			isa = PBXNativeTarget;
			buildConfigurationList = 371AFDA02989573200251CEE /* Build configuration list for PBXNativeTarget "vowelAppTests" */;
			buildPhases = (
				371AFD852989573200251CEE /* Sources */,
				371AFD862989573200251CEE /* Frameworks */,
				371AFD872989573200251CEE /* Resources */,
			);
			buildRules = (
			);
			dependencies = (
				371AFD8B2989573200251CEE /* PBXTargetDependency */,
			);
			name = vowelAppTests;
			productName = vowelAppTests;
			productReference = 371AFD892989573200251CEE /* vowelAppTests.xctest */;
			productType = "com.apple.product-type.bundle.unit-test";
		};
		371AFD922989573200251CEE /* vowelAppUITests */ = {
			isa = PBXNativeTarget;
			buildConfigurationList = 371AFDA32989573200251CEE /* Build configuration list for PBXNativeTarget "vowelAppUITests" */;
			buildPhases = (
				371AFD8F2989573200251CEE /* Sources */,
				371AFD902989573200251CEE /* Frameworks */,
				371AFD912989573200251CEE /* Resources */,
			);
			buildRules = (
			);
			dependencies = (
				371AFD952989573200251CEE /* PBXTargetDependency */,
			);
			name = vowelAppUITests;
			productName = vowelAppUITests;
			productReference = 371AFD932989573200251CEE /* vowelAppUITests.xctest */;
			productType = "com.apple.product-type.bundle.ui-testing";
		};
/* End PBXNativeTarget section */

/* Begin PBXProject section */
		371AFD6B2989572F00251CEE /* Project object */ = {
			isa = PBXProject;
			attributes = {
				BuildIndependentTargetsInParallel = 1;
				LastSwiftUpdateCheck = 1340;
				LastUpgradeCheck = 1340;
				TargetAttributes = {
					371AFD722989572F00251CEE = {
						CreatedOnToolsVersion = 13.4.1;
					};
					371AFD882989573200251CEE = {
						CreatedOnToolsVersion = 13.4.1;
						TestTargetID = 371AFD722989572F00251CEE;
					};
					371AFD922989573200251CEE = {
						CreatedOnToolsVersion = 13.4.1;
						TestTargetID = 371AFD722989572F00251CEE;
					};
				};
			};
			buildConfigurationList = 371AFD6E2989572F00251CEE /* Build configuration list for PBXProject "vowelApp" */;
			compatibilityVersion = "Xcode 13.0";
			developmentRegion = en;
			hasScannedForEncodings = 0;
			knownRegions = (
				en,
				Base,
			);
			mainGroup = 371AFD6A2989572F00251CEE;
			productRefGroup = 371AFD742989572F00251CEE /* Products */;
			projectDirPath = "";
			projectRoot = "";
			targets = (
				371AFD722989572F00251CEE /* vowelApp */,
				371AFD882989573200251CEE /* vowelAppTests */,
				371AFD922989573200251CEE /* vowelAppUITests */,
			);
		};
/* End PBXProject section */

/* Begin PBXResourcesBuildPhase section */
		371AFD712989572F00251CEE /* Resources */ = {
			isa = PBXResourcesBuildPhase;
			buildActionMask = 2147483647;
			files = (
				371AFD832989573200251CEE /* LaunchScreen.storyboard in Resources */,
				371AFD802989573200251CEE /* Assets.xcassets in Resources */,
				371AFD7E2989572F00251CEE /* Main.storyboard in Resources */,
			);
			runOnlyForDeploymentPostprocessing = 0;
		};
		371AFD872989573200251CEE /* Resources */ = {
			isa = PBXResourcesBuildPhase;
			buildActionMask = 2147483647;
			files = (
			);
			runOnlyForDeploymentPostprocessing = 0;
		};
		371AFD912989573200251CEE /* Resources */ = {
			isa = PBXResourcesBuildPhase;
			buildActionMask = 2147483647;
			files = (
			);
			runOnlyForDeploymentPostprocessing = 0;
		};
/* End PBXResourcesBuildPhase section */

/* Begin PBXSourcesBuildPhase section */
		371AFD6F2989572F00251CEE /* Sources */ = {
			isa = PBXSourcesBuildPhase;
			buildActionMask = 2147483647;
			files = (
				371AFD7B2989572F00251CEE /* ViewController.swift in Sources */,
				371AFD772989572F00251CEE /* AppDelegate.swift in Sources */,
				371AFD792989572F00251CEE /* SceneDelegate.swift in Sources */,
			);
			runOnlyForDeploymentPostprocessing = 0;
		};
		371AFD852989573200251CEE /* Sources */ = {
			isa = PBXSourcesBuildPhase;
			buildActionMask = 2147483647;
			files = (
				371AFD8E2989573200251CEE /* vowelAppTests.swift in Sources */,
			);
			runOnlyForDeploymentPostprocessing = 0;
		};
		371AFD8F2989573200251CEE /* Sources */ = {
			isa = PBXSourcesBuildPhase;
			buildActionMask = 2147483647;
			files = (
				371AFD9A2989573200251CEE /* vowelAppUITestsLaunchTests.swift in Sources */,
				371AFD982989573200251CEE /* vowelAppUITests.swift in Sources */,
			);
			runOnlyForDeploymentPostprocessing = 0;
		};
/* End PBXSourcesBuildPhase section */

/* Begin PBXTargetDependency section */
		371AFD8B2989573200251CEE /* PBXTargetDependency */ = {
			isa = PBXTargetDependency;
			target = 371AFD722989572F00251CEE /* vowelApp */;
			targetProxy = 371AFD8A2989573200251CEE /* PBXContainerItemProxy */;
		};
		371AFD952989573200251CEE /* PBXTargetDependency */ = {
			isa = PBXTargetDependency;
			target = 371AFD722989572F00251CEE /* vowelApp */;
			targetProxy = 371AFD942989573200251CEE /* PBXContainerItemProxy */;
		};
/* End PBXTargetDependency section */

/* Begin PBXVariantGroup section */
		371AFD7C2989572F00251CEE /* Main.storyboard */ = {
			isa = PBXVariantGroup;
			children = (
				371AFD7D2989572F00251CEE /* Base */,
			);
			name = Main.storyboard;
			sourceTree = "<group>";
		};
		371AFD812989573200251CEE /* LaunchScreen.storyboard */ = {
			isa = PBXVariantGroup;
			children = (
				371AFD822989573200251CEE /* Base */,
			);
			name = LaunchScreen.storyboard;
			sourceTree = "<group>";
		};
/* End PBXVariantGroup section */

/* Begin XCBuildConfiguration section */
		371AFD9B2989573200251CEE /* Debug */ = {
			isa = XCBuildConfiguration;
			buildSettings = {
				ALWAYS_SEARCH_USER_PATHS = NO;
				CLANG_ANALYZER_NONNULL = YES;
				CLANG_ANALYZER_NUMBER_OBJECT_CONVERSION = YES_AGGRESSIVE;
				CLANG_CXX_LANGUAGE_STANDARD = "gnu++17";
				CLANG_ENABLE_MODULES = YES;
				CLANG_ENABLE_OBJC_ARC = YES;
				CLANG_ENABLE_OBJC_WEAK = YES;
				CLANG_WARN_BLOCK_CAPTURE_AUTORELEASING = YES;
				CLANG_WARN_BOOL_CONVERSION = YES;
				CLANG_WARN_COMMA = YES;
				CLANG_WARN_CONSTANT_CONVERSION = YES;
				CLANG_WARN_DEPRECATED_OBJC_IMPLEMENTATIONS = YES;
				CLANG_WARN_DIRECT_OBJC_ISA_USAGE = YES_ERROR;
				CLANG_WARN_DOCUMENTATION_COMMENTS = YES;
				CLANG_WARN_EMPTY_BODY = YES;
				CLANG_WARN_ENUM_CONVERSION = YES;
				CLANG_WARN_INFINITE_RECURSION = YES;
				CLANG_WARN_INT_CONVERSION = YES;
				CLANG_WARN_NON_LITERAL_NULL_CONVERSION = YES;
				CLANG_WARN_OBJC_IMPLICIT_RETAIN_SELF = YES;
				CLANG_WARN_OBJC_LITERAL_CONVERSION = YES;
				CLANG_WARN_OBJC_ROOT_CLASS = YES_ERROR;
				CLANG_WARN_QUOTED_INCLUDE_IN_FRAMEWORK_HEADER = YES;
				CLANG_WARN_RANGE_LOOP_ANALYSIS = YES;
				CLANG_WARN_STRICT_PROTOTYPES = YES;
				CLANG_WARN_SUSPICIOUS_MOVE = YES;
				CLANG_WARN_UNGUARDED_AVAILABILITY = YES_AGGRESSIVE;
				CLANG_WARN_UNREACHABLE_CODE = YES;
				CLANG_WARN__DUPLICATE_METHOD_MATCH = YES;
				COPY_PHASE_STRIP = NO;
				DEBUG_INFORMATION_FORMAT = dwarf;
				ENABLE_STRICT_OBJC_MSGSEND = YES;
				ENABLE_TESTABILITY = YES;
				GCC_C_LANGUAGE_STANDARD = gnu11;
				GCC_DYNAMIC_NO_PIC = NO;
				GCC_NO_COMMON_BLOCKS = YES;
				GCC_OPTIMIZATION_LEVEL = 0;
				GCC_PREPROCESSOR_DEFINITIONS = (
					"DEBUG=1",
					"$(inherited)",
				);
				GCC_WARN_64_TO_32_BIT_CONVERSION = YES;
				GCC_WARN_ABOUT_RETURN_TYPE = YES_ERROR;
				GCC_WARN_UNDECLARED_SELECTOR = YES;
				GCC_WARN_UNINITIALIZED_AUTOS = YES_AGGRESSIVE;
				GCC_WARN_UNUSED_FUNCTION = YES;
				GCC_WARN_UNUSED_VARIABLE = YES;
				IPHONEOS_DEPLOYMENT_TARGET = 15.5;
				MTL_ENABLE_DEBUG_INFO = INCLUDE_SOURCE;
				MTL_FAST_MATH = YES;
				ONLY_ACTIVE_ARCH = YES;
				SDKROOT = iphoneos;
				SWIFT_ACTIVE_COMPILATION_CONDITIONS = DEBUG;
				SWIFT_OPTIMIZATION_LEVEL = "-Onone";
			};
			name = Debug;
		};
		371AFD9C2989573200251CEE /* Release */ = {
			isa = XCBuildConfiguration;
			buildSettings = {
				ALWAYS_SEARCH_USER_PATHS = NO;
				CLANG_ANALYZER_NONNULL = YES;
				CLANG_ANALYZER_NUMBER_OBJECT_CONVERSION = YES_AGGRESSIVE;
				CLANG_CXX_LANGUAGE_STANDARD = "gnu++17";
				CLANG_ENABLE_MODULES = YES;
				CLANG_ENABLE_OBJC_ARC = YES;
				CLANG_ENABLE_OBJC_WEAK = YES;
				CLANG_WARN_BLOCK_CAPTURE_AUTORELEASING = YES;
				CLANG_WARN_BOOL_CONVERSION = YES;
				CLANG_WARN_COMMA = YES;
				CLANG_WARN_CONSTANT_CONVERSION = YES;
				CLANG_WARN_DEPRECATED_OBJC_IMPLEMENTATIONS = YES;
				CLANG_WARN_DIRECT_OBJC_ISA_USAGE = YES_ERROR;
				CLANG_WARN_DOCUMENTATION_COMMENTS = YES;
				CLANG_WARN_EMPTY_BODY = YES;
				CLANG_WARN_ENUM_CONVERSION = YES;
				CLANG_WARN_INFINITE_RECURSION = YES;
				CLANG_WARN_INT_CONVERSION = YES;
				CLANG_WARN_NON_LITERAL_NULL_CONVERSION = YES;
				CLANG_WARN_OBJC_IMPLICIT_RETAIN_SELF = YES;
				CLANG_WARN_OBJC_LITERAL_CONVERSION = YES;
				CLANG_WARN_OBJC_ROOT_CLASS = YES_ERROR;
				CLANG_WARN_QUOTED_INCLUDE_IN_FRAMEWORK_HEADER = YES;
				CLANG_WARN_RANGE_LOOP_ANALYSIS = YES;
				CLANG_WARN_STRICT_PROTOTYPES = YES;
				CLANG_WARN_SUSPICIOUS_MOVE = YES;
				CLANG_WARN_UNGUARDED_AVAILABILITY = YES_AGGRESSIVE;
				CLANG_WARN_UNREACHABLE_CODE = YES;
				CLANG_WARN__DUPLICATE_METHOD_MATCH = YES;
				COPY_PHASE_STRIP = NO;
				DEBUG_INFORMATION_FORMAT = "dwarf-with-dsym";
				ENABLE_NS_ASSERTIONS = NO;
				ENABLE_STRICT_OBJC_MSGSEND = YES;
				GCC_C_LANGUAGE_STANDARD = gnu11;
				GCC_NO_COMMON_BLOCKS = YES;
				GCC_WARN_64_TO_32_BIT_CONVERSION = YES;
				GCC_WARN_ABOUT_RETURN_TYPE = YES_ERROR;
				GCC_WARN_UNDECLARED_SELECTOR = YES;
				GCC_WARN_UNINITIALIZED_AUTOS = YES_AGGRESSIVE;
				GCC_WARN_UNUSED_FUNCTION = YES;
				GCC_WARN_UNUSED_VARIABLE = YES;
				IPHONEOS_DEPLOYMENT_TARGET = 15.5;
				MTL_ENABLE_DEBUG_INFO = NO;
				MTL_FAST_MATH = YES;
				SDKROOT = iphoneos;
				SWIFT_COMPILATION_MODE = wholemodule;
				SWIFT_OPTIMIZATION_LEVEL = "-O";
				VALIDATE_PRODUCT = YES;
			};
			name = Release;
		};
		371AFD9E2989573200251CEE /* Debug */ = {
			isa = XCBuildConfiguration;
			buildSettings = {
				ASSETCATALOG_COMPILER_APPICON_NAME = AppIcon;
				ASSETCATALOG_COMPILER_GLOBAL_ACCENT_COLOR_NAME = AccentColor;
				CODE_SIGN_STYLE = Automatic;
				CURRENT_PROJECT_VERSION = 1;
				GENERATE_INFOPLIST_FILE = YES;
				INFOPLIST_FILE = vowelApp/Info.plist;
				INFOPLIST_KEY_UIApplicationSupportsIndirectInputEvents = YES;
				INFOPLIST_KEY_UILaunchStoryboardName = LaunchScreen;
				INFOPLIST_KEY_UIMainStoryboardFile = Main;
				INFOPLIST_KEY_UISupportedInterfaceOrientations_iPad = "UIInterfaceOrientationPortrait UIInterfaceOrientationPortraitUpsideDown UIInterfaceOrientationLandscapeLeft UIInterfaceOrientationLandscapeRight";
				INFOPLIST_KEY_UISupportedInterfaceOrientations_iPhone = "UIInterfaceOrientationPortrait UIInterfaceOrientationLandscapeLeft UIInterfaceOrientationLandscapeRight";
				LD_RUNPATH_SEARCH_PATHS = (
					"$(inherited)",
					"@executable_path/Frameworks",
				);
				MARKETING_VERSION = 1.0;
				PRODUCT_BUNDLE_IDENTIFIER = nwmissouri.edu.vowelApp;
				PRODUCT_NAME = "$(TARGET_NAME)";
				SWIFT_EMIT_LOC_STRINGS = YES;
				SWIFT_VERSION = 5.0;
				TARGETED_DEVICE_FAMILY = "1,2";
			};
			name = Debug;
		};
		371AFD9F2989573200251CEE /* Release */ = {
			isa = XCBuildConfiguration;
			buildSettings = {
				ASSETCATALOG_COMPILER_APPICON_NAME = AppIcon;
				ASSETCATALOG_COMPILER_GLOBAL_ACCENT_COLOR_NAME = AccentColor;
				CODE_SIGN_STYLE = Automatic;
				CURRENT_PROJECT_VERSION = 1;
				GENERATE_INFOPLIST_FILE = YES;
				INFOPLIST_FILE = vowelApp/Info.plist;
				INFOPLIST_KEY_UIApplicationSupportsIndirectInputEvents = YES;
				INFOPLIST_KEY_UILaunchStoryboardName = LaunchScreen;
				INFOPLIST_KEY_UIMainStoryboardFile = Main;
				INFOPLIST_KEY_UISupportedInterfaceOrientations_iPad = "UIInterfaceOrientationPortrait UIInterfaceOrientationPortraitUpsideDown UIInterfaceOrientationLandscapeLeft UIInterfaceOrientationLandscapeRight";
				INFOPLIST_KEY_UISupportedInterfaceOrientations_iPhone = "UIInterfaceOrientationPortrait UIInterfaceOrientationLandscapeLeft UIInterfaceOrientationLandscapeRight";
				LD_RUNPATH_SEARCH_PATHS = (
					"$(inherited)",
					"@executable_path/Frameworks",
				);
				MARKETING_VERSION = 1.0;
				PRODUCT_BUNDLE_IDENTIFIER = nwmissouri.edu.vowelApp;
				PRODUCT_NAME = "$(TARGET_NAME)";
				SWIFT_EMIT_LOC_STRINGS = YES;
				SWIFT_VERSION = 5.0;
				TARGETED_DEVICE_FAMILY = "1,2";
			};
			name = Release;
		};
		371AFDA12989573200251CEE /* Debug */ = {
			isa = XCBuildConfiguration;
			buildSettings = {
				ALWAYS_EMBED_SWIFT_STANDARD_LIBRARIES = YES;
				BUNDLE_LOADER = "$(TEST_HOST)";
				CODE_SIGN_STYLE = Automatic;
				CURRENT_PROJECT_VERSION = 1;
				GENERATE_INFOPLIST_FILE = YES;
				IPHONEOS_DEPLOYMENT_TARGET = 15.5;
				MARKETING_VERSION = 1.0;
				PRODUCT_BUNDLE_IDENTIFIER = nwmissouri.edu.vowelAppTests;
				PRODUCT_NAME = "$(TARGET_NAME)";
				SWIFT_EMIT_LOC_STRINGS = NO;
				SWIFT_VERSION = 5.0;
				TARGETED_DEVICE_FAMILY = "1,2";
				TEST_HOST = "$(BUILT_PRODUCTS_DIR)/vowelApp.app/vowelApp";
			};
			name = Debug;
		};
		371AFDA22989573200251CEE /* Release */ = {
			isa = XCBuildConfiguration;
			buildSettings = {
				ALWAYS_EMBED_SWIFT_STANDARD_LIBRARIES = YES;
				BUNDLE_LOADER = "$(TEST_HOST)";
				CODE_SIGN_STYLE = Automatic;
				CURRENT_PROJECT_VERSION = 1;
				GENERATE_INFOPLIST_FILE = YES;
				IPHONEOS_DEPLOYMENT_TARGET = 15.5;
				MARKETING_VERSION = 1.0;
				PRODUCT_BUNDLE_IDENTIFIER = nwmissouri.edu.vowelAppTests;
				PRODUCT_NAME = "$(TARGET_NAME)";
				SWIFT_EMIT_LOC_STRINGS = NO;
				SWIFT_VERSION = 5.0;
				TARGETED_DEVICE_FAMILY = "1,2";
				TEST_HOST = "$(BUILT_PRODUCTS_DIR)/vowelApp.app/vowelApp";
			};
			name = Release;
		};
		371AFDA42989573200251CEE /* Debug */ = {
			isa = XCBuildConfiguration;
			buildSettings = {
				ALWAYS_EMBED_SWIFT_STANDARD_LIBRARIES = YES;
				CODE_SIGN_STYLE = Automatic;
				CURRENT_PROJECT_VERSION = 1;
				GENERATE_INFOPLIST_FILE = YES;
				MARKETING_VERSION = 1.0;
				PRODUCT_BUNDLE_IDENTIFIER = nwmissouri.edu.vowelAppUITests;
				PRODUCT_NAME = "$(TARGET_NAME)";
				SWIFT_EMIT_LOC_STRINGS = NO;
				SWIFT_VERSION = 5.0;
				TARGETED_DEVICE_FAMILY = "1,2";
				TEST_TARGET_NAME = vowelApp;
			};
			name = Debug;
		};
		371AFDA52989573200251CEE /* Release */ = {
			isa = XCBuildConfiguration;
			buildSettings = {
				ALWAYS_EMBED_SWIFT_STANDARD_LIBRARIES = YES;
				CODE_SIGN_STYLE = Automatic;
				CURRENT_PROJECT_VERSION = 1;
				GENERATE_INFOPLIST_FILE = YES;
				MARKETING_VERSION = 1.0;
				PRODUCT_BUNDLE_IDENTIFIER = nwmissouri.edu.vowelAppUITests;
				PRODUCT_NAME = "$(TARGET_NAME)";
				SWIFT_EMIT_LOC_STRINGS = NO;
				SWIFT_VERSION = 5.0;
				TARGETED_DEVICE_FAMILY = "1,2";
				TEST_TARGET_NAME = vowelApp;
			};
			name = Release;
		};
/* End XCBuildConfiguration section */

/* Begin XCConfigurationList section */
		371AFD6E2989572F00251CEE /* Build configuration list for PBXProject "vowelApp" */ = {
			isa = XCConfigurationList;
			buildConfigurations = (
				371AFD9B2989573200251CEE /* Debug */,
				371AFD9C2989573200251CEE /* Release */,
			);
			defaultConfigurationIsVisible = 0;
			defaultConfigurationName = Release;
		};
		371AFD9D2989573200251CEE /* Build configuration list for PBXNativeTarget "vowelApp" */ = {
			isa = XCConfigurationList;
			buildConfigurations = (
				371AFD9E2989573200251CEE /* Debug */,
				371AFD9F2989573200251CEE /* Release */,
			);
			defaultConfigurationIsVisible = 0;
			defaultConfigurationName = Release;
		};
		371AFDA02989573200251CEE /* Build configuration list for PBXNativeTarget "vowelAppTests" */ = {
			isa = XCConfigurationList;
			buildConfigurations = (
				371AFDA12989573200251CEE /* Debug */,
				371AFDA22989573200251CEE /* Release */,
			);
			defaultConfigurationIsVisible = 0;
			defaultConfigurationName = Release;
		};
		371AFDA32989573200251CEE /* Build configuration list for PBXNativeTarget "vowelAppUITests" */ = {
			isa = XCConfigurationList;
			buildConfigurations = (
				371AFDA42989573200251CEE /* Debug */,
				371AFDA52989573200251CEE /* Release */,
			);
			defaultConfigurationIsVisible = 0;
			defaultConfigurationName = Release;
		};
/* End XCConfigurationList section */
	};
	rootObject = 371AFD6B2989572F00251CEE /* Project object */;
}
