// !$*UTF8*$!
{
	archiveVersion = 1;
	classes = {
	};
	objectVersion = 55;
	objects = {

/* Begin PBXBuildFile section */
		3746A7FF29A50F3800981C1D /* AppDelegate.swift in Sources */ = {isa = PBXBuildFile; fileRef = 3746A7FE29A50F3800981C1D /* AppDelegate.swift */; };
		3746A80129A50F3800981C1D /* SceneDelegate.swift in Sources */ = {isa = PBXBuildFile; fileRef = 3746A80029A50F3800981C1D /* SceneDelegate.swift */; };
		3746A80329A50F3800981C1D /* ViewController.swift in Sources */ = {isa = PBXBuildFile; fileRef = 3746A80229A50F3800981C1D /* ViewController.swift */; };
		3746A80629A50F3800981C1D /* Main.storyboard in Resources */ = {isa = PBXBuildFile; fileRef = 3746A80429A50F3800981C1D /* Main.storyboard */; };
		3746A80829A50F3900981C1D /* Assets.xcassets in Resources */ = {isa = PBXBuildFile; fileRef = 3746A80729A50F3900981C1D /* Assets.xcassets */; };
		3746A80B29A50F3900981C1D /* LaunchScreen.storyboard in Resources */ = {isa = PBXBuildFile; fileRef = 3746A80929A50F3900981C1D /* LaunchScreen.storyboard */; };
		3746A81629A50F3900981C1D /* ClimateAppTests.swift in Sources */ = {isa = PBXBuildFile; fileRef = 3746A81529A50F3900981C1D /* ClimateAppTests.swift */; };
		3746A82029A50F3900981C1D /* ClimateAppUITests.swift in Sources */ = {isa = PBXBuildFile; fileRef = 3746A81F29A50F3900981C1D /* ClimateAppUITests.swift */; };
		3746A82229A50F3900981C1D /* ClimateAppUITestsLaunchTests.swift in Sources */ = {isa = PBXBuildFile; fileRef = 3746A82129A50F3900981C1D /* ClimateAppUITestsLaunchTests.swift */; };
/* End PBXBuildFile section */

/* Begin PBXContainerItemProxy section */
		3746A81229A50F3900981C1D /* PBXContainerItemProxy */ = {
			isa = PBXContainerItemProxy;
			containerPortal = 3746A7F329A50F3800981C1D /* Project object */;
			proxyType = 1;
			remoteGlobalIDString = 3746A7FA29A50F3800981C1D;
			remoteInfo = ClimateApp;
		};
		3746A81C29A50F3900981C1D /* PBXContainerItemProxy */ = {
			isa = PBXContainerItemProxy;
			containerPortal = 3746A7F329A50F3800981C1D /* Project object */;
			proxyType = 1;
			remoteGlobalIDString = 3746A7FA29A50F3800981C1D;
			remoteInfo = ClimateApp;
		};
/* End PBXContainerItemProxy section */

/* Begin PBXFileReference section */
		3746A7FB29A50F3800981C1D /* ClimateApp.app */ = {isa = PBXFileReference; explicitFileType = wrapper.application; includeInIndex = 0; path = ClimateApp.app; sourceTree = BUILT_PRODUCTS_DIR; };
		3746A7FE29A50F3800981C1D /* AppDelegate.swift */ = {isa = PBXFileReference; lastKnownFileType = sourcecode.swift; path = AppDelegate.swift; sourceTree = "<group>"; };
		3746A80029A50F3800981C1D /* SceneDelegate.swift */ = {isa = PBXFileReference; lastKnownFileType = sourcecode.swift; path = SceneDelegate.swift; sourceTree = "<group>"; };
		3746A80229A50F3800981C1D /* ViewController.swift */ = {isa = PBXFileReference; lastKnownFileType = sourcecode.swift; path = ViewController.swift; sourceTree = "<group>"; };
		3746A80529A50F3800981C1D /* Base */ = {isa = PBXFileReference; lastKnownFileType = file.storyboard; name = Base; path = Base.lproj/Main.storyboard; sourceTree = "<group>"; };
		3746A80729A50F3900981C1D /* Assets.xcassets */ = {isa = PBXFileReference; lastKnownFileType = folder.assetcatalog; path = Assets.xcassets; sourceTree = "<group>"; };
		3746A80A29A50F3900981C1D /* Base */ = {isa = PBXFileReference; lastKnownFileType = file.storyboard; name = Base; path = Base.lproj/LaunchScreen.storyboard; sourceTree = "<group>"; };
		3746A80C29A50F3900981C1D /* Info.plist */ = {isa = PBXFileReference; lastKnownFileType = text.plist.xml; path = Info.plist; sourceTree = "<group>"; };
		3746A81129A50F3900981C1D /* ClimateAppTests.xctest */ = {isa = PBXFileReference; explicitFileType = wrapper.cfbundle; includeInIndex = 0; path = ClimateAppTests.xctest; sourceTree = BUILT_PRODUCTS_DIR; };
		3746A81529A50F3900981C1D /* ClimateAppTests.swift */ = {isa = PBXFileReference; lastKnownFileType = sourcecode.swift; path = ClimateAppTests.swift; sourceTree = "<group>"; };
		3746A81B29A50F3900981C1D /* ClimateAppUITests.xctest */ = {isa = PBXFileReference; explicitFileType = wrapper.cfbundle; includeInIndex = 0; path = ClimateAppUITests.xctest; sourceTree = BUILT_PRODUCTS_DIR; };
		3746A81F29A50F3900981C1D /* ClimateAppUITests.swift */ = {isa = PBXFileReference; lastKnownFileType = sourcecode.swift; path = ClimateAppUITests.swift; sourceTree = "<group>"; };
		3746A82129A50F3900981C1D /* ClimateAppUITestsLaunchTests.swift */ = {isa = PBXFileReference; lastKnownFileType = sourcecode.swift; path = ClimateAppUITestsLaunchTests.swift; sourceTree = "<group>"; };
/* End PBXFileReference section */

/* Begin PBXFrameworksBuildPhase section */
		3746A7F829A50F3800981C1D /* Frameworks */ = {
			isa = PBXFrameworksBuildPhase;
			buildActionMask = 2147483647;
			files = (
			);
			runOnlyForDeploymentPostprocessing = 0;
		};
		3746A80E29A50F3900981C1D /* Frameworks */ = {
			isa = PBXFrameworksBuildPhase;
			buildActionMask = 2147483647;
			files = (
			);
			runOnlyForDeploymentPostprocessing = 0;
		};
		3746A81829A50F3900981C1D /* Frameworks */ = {
			isa = PBXFrameworksBuildPhase;
			buildActionMask = 2147483647;
			files = (
			);
			runOnlyForDeploymentPostprocessing = 0;
		};
/* End PBXFrameworksBuildPhase section */

/* Begin PBXGroup section */
		3746A7F229A50F3800981C1D = {
			isa = PBXGroup;
			children = (
				3746A7FD29A50F3800981C1D /* ClimateApp */,
				3746A81429A50F3900981C1D /* ClimateAppTests */,
				3746A81E29A50F3900981C1D /* ClimateAppUITests */,
				3746A7FC29A50F3800981C1D /* Products */,
			);
			sourceTree = "<group>";
		};
		3746A7FC29A50F3800981C1D /* Products */ = {
			isa = PBXGroup;
			children = (
				3746A7FB29A50F3800981C1D /* ClimateApp.app */,
				3746A81129A50F3900981C1D /* ClimateAppTests.xctest */,
				3746A81B29A50F3900981C1D /* ClimateAppUITests.xctest */,
			);
			name = Products;
			sourceTree = "<group>";
		};
		3746A7FD29A50F3800981C1D /* ClimateApp */ = {
			isa = PBXGroup;
			children = (
				3746A7FE29A50F3800981C1D /* AppDelegate.swift */,
				3746A80029A50F3800981C1D /* SceneDelegate.swift */,
				3746A80229A50F3800981C1D /* ViewController.swift */,
				3746A80429A50F3800981C1D /* Main.storyboard */,
				3746A80729A50F3900981C1D /* Assets.xcassets */,
				3746A80929A50F3900981C1D /* LaunchScreen.storyboard */,
				3746A80C29A50F3900981C1D /* Info.plist */,
			);
			path = ClimateApp;
			sourceTree = "<group>";
		};
		3746A81429A50F3900981C1D /* ClimateAppTests */ = {
			isa = PBXGroup;
			children = (
				3746A81529A50F3900981C1D /* ClimateAppTests.swift */,
			);
			path = ClimateAppTests;
			sourceTree = "<group>";
		};
		3746A81E29A50F3900981C1D /* ClimateAppUITests */ = {
			isa = PBXGroup;
			children = (
				3746A81F29A50F3900981C1D /* ClimateAppUITests.swift */,
				3746A82129A50F3900981C1D /* ClimateAppUITestsLaunchTests.swift */,
			);
			path = ClimateAppUITests;
			sourceTree = "<group>";
		};
/* End PBXGroup section */

/* Begin PBXNativeTarget section */
		3746A7FA29A50F3800981C1D /* ClimateApp */ = {
			isa = PBXNativeTarget;
			buildConfigurationList = 3746A82529A50F3900981C1D /* Build configuration list for PBXNativeTarget "ClimateApp" */;
			buildPhases = (
				3746A7F729A50F3800981C1D /* Sources */,
				3746A7F829A50F3800981C1D /* Frameworks */,
				3746A7F929A50F3800981C1D /* Resources */,
			);
			buildRules = (
			);
			dependencies = (
			);
			name = ClimateApp;
			productName = ClimateApp;
			productReference = 3746A7FB29A50F3800981C1D /* ClimateApp.app */;
			productType = "com.apple.product-type.application";
		};
		3746A81029A50F3900981C1D /* ClimateAppTests */ = {
			isa = PBXNativeTarget;
			buildConfigurationList = 3746A82829A50F3900981C1D /* Build configuration list for PBXNativeTarget "ClimateAppTests" */;
			buildPhases = (
				3746A80D29A50F3900981C1D /* Sources */,
				3746A80E29A50F3900981C1D /* Frameworks */,
				3746A80F29A50F3900981C1D /* Resources */,
			);
			buildRules = (
			);
			dependencies = (
				3746A81329A50F3900981C1D /* PBXTargetDependency */,
			);
			name = ClimateAppTests;
			productName = ClimateAppTests;
			productReference = 3746A81129A50F3900981C1D /* ClimateAppTests.xctest */;
			productType = "com.apple.product-type.bundle.unit-test";
		};
		3746A81A29A50F3900981C1D /* ClimateAppUITests */ = {
			isa = PBXNativeTarget;
			buildConfigurationList = 3746A82B29A50F3900981C1D /* Build configuration list for PBXNativeTarget "ClimateAppUITests" */;
			buildPhases = (
				3746A81729A50F3900981C1D /* Sources */,
				3746A81829A50F3900981C1D /* Frameworks */,
				3746A81929A50F3900981C1D /* Resources */,
			);
			buildRules = (
			);
			dependencies = (
				3746A81D29A50F3900981C1D /* PBXTargetDependency */,
			);
			name = ClimateAppUITests;
			productName = ClimateAppUITests;
			productReference = 3746A81B29A50F3900981C1D /* ClimateAppUITests.xctest */;
			productType = "com.apple.product-type.bundle.ui-testing";
		};
/* End PBXNativeTarget section */

/* Begin PBXProject section */
		3746A7F329A50F3800981C1D /* Project object */ = {
			isa = PBXProject;
			attributes = {
				BuildIndependentTargetsInParallel = 1;
				LastSwiftUpdateCheck = 1340;
				LastUpgradeCheck = 1340;
				TargetAttributes = {
					3746A7FA29A50F3800981C1D = {
						CreatedOnToolsVersion = 13.4.1;
					};
					3746A81029A50F3900981C1D = {
						CreatedOnToolsVersion = 13.4.1;
						TestTargetID = 3746A7FA29A50F3800981C1D;
					};
					3746A81A29A50F3900981C1D = {
						CreatedOnToolsVersion = 13.4.1;
						TestTargetID = 3746A7FA29A50F3800981C1D;
					};
				};
			};
			buildConfigurationList = 3746A7F629A50F3800981C1D /* Build configuration list for PBXProject "ClimateApp" */;
			compatibilityVersion = "Xcode 13.0";
			developmentRegion = en;
			hasScannedForEncodings = 0;
			knownRegions = (
				en,
				Base,
			);
			mainGroup = 3746A7F229A50F3800981C1D;
			productRefGroup = 3746A7FC29A50F3800981C1D /* Products */;
			projectDirPath = "";
			projectRoot = "";
			targets = (
				3746A7FA29A50F3800981C1D /* ClimateApp */,
				3746A81029A50F3900981C1D /* ClimateAppTests */,
				3746A81A29A50F3900981C1D /* ClimateAppUITests */,
			);
		};
/* End PBXProject section */

/* Begin PBXResourcesBuildPhase section */
		3746A7F929A50F3800981C1D /* Resources */ = {
			isa = PBXResourcesBuildPhase;
			buildActionMask = 2147483647;
			files = (
				3746A80B29A50F3900981C1D /* LaunchScreen.storyboard in Resources */,
				3746A80829A50F3900981C1D /* Assets.xcassets in Resources */,
				3746A80629A50F3800981C1D /* Main.storyboard in Resources */,
			);
			runOnlyForDeploymentPostprocessing = 0;
		};
		3746A80F29A50F3900981C1D /* Resources */ = {
			isa = PBXResourcesBuildPhase;
			buildActionMask = 2147483647;
			files = (
			);
			runOnlyForDeploymentPostprocessing = 0;
		};
		3746A81929A50F3900981C1D /* Resources */ = {
			isa = PBXResourcesBuildPhase;
			buildActionMask = 2147483647;
			files = (
			);
			runOnlyForDeploymentPostprocessing = 0;
		};
/* End PBXResourcesBuildPhase section */

/* Begin PBXSourcesBuildPhase section */
		3746A7F729A50F3800981C1D /* Sources */ = {
			isa = PBXSourcesBuildPhase;
			buildActionMask = 2147483647;
			files = (
				3746A80329A50F3800981C1D /* ViewController.swift in Sources */,
				3746A7FF29A50F3800981C1D /* AppDelegate.swift in Sources */,
				3746A80129A50F3800981C1D /* SceneDelegate.swift in Sources */,
			);
			runOnlyForDeploymentPostprocessing = 0;
		};
		3746A80D29A50F3900981C1D /* Sources */ = {
			isa = PBXSourcesBuildPhase;
			buildActionMask = 2147483647;
			files = (
				3746A81629A50F3900981C1D /* ClimateAppTests.swift in Sources */,
			);
			runOnlyForDeploymentPostprocessing = 0;
		};
		3746A81729A50F3900981C1D /* Sources */ = {
			isa = PBXSourcesBuildPhase;
			buildActionMask = 2147483647;
			files = (
				3746A82229A50F3900981C1D /* ClimateAppUITestsLaunchTests.swift in Sources */,
				3746A82029A50F3900981C1D /* ClimateAppUITests.swift in Sources */,
			);
			runOnlyForDeploymentPostprocessing = 0;
		};
/* End PBXSourcesBuildPhase section */

/* Begin PBXTargetDependency section */
		3746A81329A50F3900981C1D /* PBXTargetDependency */ = {
			isa = PBXTargetDependency;
			target = 3746A7FA29A50F3800981C1D /* ClimateApp */;
			targetProxy = 3746A81229A50F3900981C1D /* PBXContainerItemProxy */;
		};
		3746A81D29A50F3900981C1D /* PBXTargetDependency */ = {
			isa = PBXTargetDependency;
			target = 3746A7FA29A50F3800981C1D /* ClimateApp */;
			targetProxy = 3746A81C29A50F3900981C1D /* PBXContainerItemProxy */;
		};
/* End PBXTargetDependency section */

/* Begin PBXVariantGroup section */
		3746A80429A50F3800981C1D /* Main.storyboard */ = {
			isa = PBXVariantGroup;
			children = (
				3746A80529A50F3800981C1D /* Base */,
			);
			name = Main.storyboard;
			sourceTree = "<group>";
		};
		3746A80929A50F3900981C1D /* LaunchScreen.storyboard */ = {
			isa = PBXVariantGroup;
			children = (
				3746A80A29A50F3900981C1D /* Base */,
			);
			name = LaunchScreen.storyboard;
			sourceTree = "<group>";
		};
/* End PBXVariantGroup section */

/* Begin XCBuildConfiguration section */
		3746A82329A50F3900981C1D /* Debug */ = {
			isa = XCBuildConfiguration;
			buildSettings = {
				ALWAYS_SEARCH_USER_PATHS = NO;
				CLANG_ANALYZER_NONNULL = YES;
				CLANG_ANALYZER_NUMBER_OBJECT_CONVERSION = YES_AGGRESSIVE;
				CLANG_CXX_LANGUAGE_STANDARD = "gnu++17";
				CLANG_ENABLE_MODULES = YES;
				CLANG_ENABLE_OBJC_ARC = YES;
				CLANG_ENABLE_OBJC_WEAK = YES;
				CLANG_WARN_BLOCK_CAPTURE_AUTORELEASING = YES;
				CLANG_WARN_BOOL_CONVERSION = YES;
				CLANG_WARN_COMMA = YES;
				CLANG_WARN_CONSTANT_CONVERSION = YES;
				CLANG_WARN_DEPRECATED_OBJC_IMPLEMENTATIONS = YES;
				CLANG_WARN_DIRECT_OBJC_ISA_USAGE = YES_ERROR;
				CLANG_WARN_DOCUMENTATION_COMMENTS = YES;
				CLANG_WARN_EMPTY_BODY = YES;
				CLANG_WARN_ENUM_CONVERSION = YES;
				CLANG_WARN_INFINITE_RECURSION = YES;
				CLANG_WARN_INT_CONVERSION = YES;
				CLANG_WARN_NON_LITERAL_NULL_CONVERSION = YES;
				CLANG_WARN_OBJC_IMPLICIT_RETAIN_SELF = YES;
				CLANG_WARN_OBJC_LITERAL_CONVERSION = YES;
				CLANG_WARN_OBJC_ROOT_CLASS = YES_ERROR;
				CLANG_WARN_QUOTED_INCLUDE_IN_FRAMEWORK_HEADER = YES;
				CLANG_WARN_RANGE_LOOP_ANALYSIS = YES;
				CLANG_WARN_STRICT_PROTOTYPES = YES;
				CLANG_WARN_SUSPICIOUS_MOVE = YES;
				CLANG_WARN_UNGUARDED_AVAILABILITY = YES_AGGRESSIVE;
				CLANG_WARN_UNREACHABLE_CODE = YES;
				CLANG_WARN__DUPLICATE_METHOD_MATCH = YES;
				COPY_PHASE_STRIP = NO;
				DEBUG_INFORMATION_FORMAT = dwarf;
				ENABLE_STRICT_OBJC_MSGSEND = YES;
				ENABLE_TESTABILITY = YES;
				GCC_C_LANGUAGE_STANDARD = gnu11;
				GCC_DYNAMIC_NO_PIC = NO;
				GCC_NO_COMMON_BLOCKS = YES;
				GCC_OPTIMIZATION_LEVEL = 0;
				GCC_PREPROCESSOR_DEFINITIONS = (
					"DEBUG=1",
					"$(inherited)",
				);
				GCC_WARN_64_TO_32_BIT_CONVERSION = YES;
				GCC_WARN_ABOUT_RETURN_TYPE = YES_ERROR;
				GCC_WARN_UNDECLARED_SELECTOR = YES;
				GCC_WARN_UNINITIALIZED_AUTOS = YES_AGGRESSIVE;
				GCC_WARN_UNUSED_FUNCTION = YES;
				GCC_WARN_UNUSED_VARIABLE = YES;
				IPHONEOS_DEPLOYMENT_TARGET = 15.5;
				MTL_ENABLE_DEBUG_INFO = INCLUDE_SOURCE;
				MTL_FAST_MATH = YES;
				ONLY_ACTIVE_ARCH = YES;
				SDKROOT = iphoneos;
				SWIFT_ACTIVE_COMPILATION_CONDITIONS = DEBUG;
				SWIFT_OPTIMIZATION_LEVEL = "-Onone";
			};
			name = Debug;
		};
		3746A82429A50F3900981C1D /* Release */ = {
			isa = XCBuildConfiguration;
			buildSettings = {
				ALWAYS_SEARCH_USER_PATHS = NO;
				CLANG_ANALYZER_NONNULL = YES;
				CLANG_ANALYZER_NUMBER_OBJECT_CONVERSION = YES_AGGRESSIVE;
				CLANG_CXX_LANGUAGE_STANDARD = "gnu++17";
				CLANG_ENABLE_MODULES = YES;
				CLANG_ENABLE_OBJC_ARC = YES;
				CLANG_ENABLE_OBJC_WEAK = YES;
				CLANG_WARN_BLOCK_CAPTURE_AUTORELEASING = YES;
				CLANG_WARN_BOOL_CONVERSION = YES;
				CLANG_WARN_COMMA = YES;
				CLANG_WARN_CONSTANT_CONVERSION = YES;
				CLANG_WARN_DEPRECATED_OBJC_IMPLEMENTATIONS = YES;
				CLANG_WARN_DIRECT_OBJC_ISA_USAGE = YES_ERROR;
				CLANG_WARN_DOCUMENTATION_COMMENTS = YES;
				CLANG_WARN_EMPTY_BODY = YES;
				CLANG_WARN_ENUM_CONVERSION = YES;
				CLANG_WARN_INFINITE_RECURSION = YES;
				CLANG_WARN_INT_CONVERSION = YES;
				CLANG_WARN_NON_LITERAL_NULL_CONVERSION = YES;
				CLANG_WARN_OBJC_IMPLICIT_RETAIN_SELF = YES;
				CLANG_WARN_OBJC_LITERAL_CONVERSION = YES;
				CLANG_WARN_OBJC_ROOT_CLASS = YES_ERROR;
				CLANG_WARN_QUOTED_INCLUDE_IN_FRAMEWORK_HEADER = YES;
				CLANG_WARN_RANGE_LOOP_ANALYSIS = YES;
				CLANG_WARN_STRICT_PROTOTYPES = YES;
				CLANG_WARN_SUSPICIOUS_MOVE = YES;
				CLANG_WARN_UNGUARDED_AVAILABILITY = YES_AGGRESSIVE;
				CLANG_WARN_UNREACHABLE_CODE = YES;
				CLANG_WARN__DUPLICATE_METHOD_MATCH = YES;
				COPY_PHASE_STRIP = NO;
				DEBUG_INFORMATION_FORMAT = "dwarf-with-dsym";
				ENABLE_NS_ASSERTIONS = NO;
				ENABLE_STRICT_OBJC_MSGSEND = YES;
				GCC_C_LANGUAGE_STANDARD = gnu11;
				GCC_NO_COMMON_BLOCKS = YES;
				GCC_WARN_64_TO_32_BIT_CONVERSION = YES;
				GCC_WARN_ABOUT_RETURN_TYPE = YES_ERROR;
				GCC_WARN_UNDECLARED_SELECTOR = YES;
				GCC_WARN_UNINITIALIZED_AUTOS = YES_AGGRESSIVE;
				GCC_WARN_UNUSED_FUNCTION = YES;
				GCC_WARN_UNUSED_VARIABLE = YES;
				IPHONEOS_DEPLOYMENT_TARGET = 15.5;
				MTL_ENABLE_DEBUG_INFO = NO;
				MTL_FAST_MATH = YES;
				SDKROOT = iphoneos;
				SWIFT_COMPILATION_MODE = wholemodule;
				SWIFT_OPTIMIZATION_LEVEL = "-O";
				VALIDATE_PRODUCT = YES;
			};
			name = Release;
		};
		3746A82629A50F3900981C1D /* Debug */ = {
			isa = XCBuildConfiguration;
			buildSettings = {
				ASSETCATALOG_COMPILER_APPICON_NAME = AppIcon;
				ASSETCATALOG_COMPILER_GLOBAL_ACCENT_COLOR_NAME = AccentColor;
				CODE_SIGN_STYLE = Automatic;
				CURRENT_PROJECT_VERSION = 1;
				GENERATE_INFOPLIST_FILE = YES;
				INFOPLIST_FILE = ClimateApp/Info.plist;
				INFOPLIST_KEY_UIApplicationSupportsIndirectInputEvents = YES;
				INFOPLIST_KEY_UILaunchStoryboardName = LaunchScreen;
				INFOPLIST_KEY_UIMainStoryboardFile = Main;
				INFOPLIST_KEY_UISupportedInterfaceOrientations_iPad = "UIInterfaceOrientationPortrait UIInterfaceOrientationPortraitUpsideDown UIInterfaceOrientationLandscapeLeft UIInterfaceOrientationLandscapeRight";
				INFOPLIST_KEY_UISupportedInterfaceOrientations_iPhone = "UIInterfaceOrientationPortrait UIInterfaceOrientationLandscapeLeft UIInterfaceOrientationLandscapeRight";
				LD_RUNPATH_SEARCH_PATHS = (
					"$(inherited)",
					"@executable_path/Frameworks",
				);
				MARKETING_VERSION = 1.0;
				PRODUCT_BUNDLE_IDENTIFIER = nwmissouri.edu.ClimateApp;
				PRODUCT_NAME = "$(TARGET_NAME)";
				SWIFT_EMIT_LOC_STRINGS = YES;
				SWIFT_VERSION = 5.0;
				TARGETED_DEVICE_FAMILY = "1,2";
			};
			name = Debug;
		};
		3746A82729A50F3900981C1D /* Release */ = {
			isa = XCBuildConfiguration;
			buildSettings = {
				ASSETCATALOG_COMPILER_APPICON_NAME = AppIcon;
				ASSETCATALOG_COMPILER_GLOBAL_ACCENT_COLOR_NAME = AccentColor;
				CODE_SIGN_STYLE = Automatic;
				CURRENT_PROJECT_VERSION = 1;
				GENERATE_INFOPLIST_FILE = YES;
				INFOPLIST_FILE = ClimateApp/Info.plist;
				INFOPLIST_KEY_UIApplicationSupportsIndirectInputEvents = YES;
				INFOPLIST_KEY_UILaunchStoryboardName = LaunchScreen;
				INFOPLIST_KEY_UIMainStoryboardFile = Main;
				INFOPLIST_KEY_UISupportedInterfaceOrientations_iPad = "UIInterfaceOrientationPortrait UIInterfaceOrientationPortraitUpsideDown UIInterfaceOrientationLandscapeLeft UIInterfaceOrientationLandscapeRight";
				INFOPLIST_KEY_UISupportedInterfaceOrientations_iPhone = "UIInterfaceOrientationPortrait UIInterfaceOrientationLandscapeLeft UIInterfaceOrientationLandscapeRight";
				LD_RUNPATH_SEARCH_PATHS = (
					"$(inherited)",
					"@executable_path/Frameworks",
				);
				MARKETING_VERSION = 1.0;
				PRODUCT_BUNDLE_IDENTIFIER = nwmissouri.edu.ClimateApp;
				PRODUCT_NAME = "$(TARGET_NAME)";
				SWIFT_EMIT_LOC_STRINGS = YES;
				SWIFT_VERSION = 5.0;
				TARGETED_DEVICE_FAMILY = "1,2";
			};
			name = Release;
		};
		3746A82929A50F3900981C1D /* Debug */ = {
			isa = XCBuildConfiguration;
			buildSettings = {
				ALWAYS_EMBED_SWIFT_STANDARD_LIBRARIES = YES;
				BUNDLE_LOADER = "$(TEST_HOST)";
				CODE_SIGN_STYLE = Automatic;
				CURRENT_PROJECT_VERSION = 1;
				GENERATE_INFOPLIST_FILE = YES;
				IPHONEOS_DEPLOYMENT_TARGET = 15.5;
				MARKETING_VERSION = 1.0;
				PRODUCT_BUNDLE_IDENTIFIER = nwmissouri.edu.ClimateAppTests;
				PRODUCT_NAME = "$(TARGET_NAME)";
				SWIFT_EMIT_LOC_STRINGS = NO;
				SWIFT_VERSION = 5.0;
				TARGETED_DEVICE_FAMILY = "1,2";
				TEST_HOST = "$(BUILT_PRODUCTS_DIR)/ClimateApp.app/ClimateApp";
			};
			name = Debug;
		};
		3746A82A29A50F3900981C1D /* Release */ = {
			isa = XCBuildConfiguration;
			buildSettings = {
				ALWAYS_EMBED_SWIFT_STANDARD_LIBRARIES = YES;
				BUNDLE_LOADER = "$(TEST_HOST)";
				CODE_SIGN_STYLE = Automatic;
				CURRENT_PROJECT_VERSION = 1;
				GENERATE_INFOPLIST_FILE = YES;
				IPHONEOS_DEPLOYMENT_TARGET = 15.5;
				MARKETING_VERSION = 1.0;
				PRODUCT_BUNDLE_IDENTIFIER = nwmissouri.edu.ClimateAppTests;
				PRODUCT_NAME = "$(TARGET_NAME)";
				SWIFT_EMIT_LOC_STRINGS = NO;
				SWIFT_VERSION = 5.0;
				TARGETED_DEVICE_FAMILY = "1,2";
				TEST_HOST = "$(BUILT_PRODUCTS_DIR)/ClimateApp.app/ClimateApp";
			};
			name = Release;
		};
		3746A82C29A50F3900981C1D /* Debug */ = {
			isa = XCBuildConfiguration;
			buildSettings = {
				ALWAYS_EMBED_SWIFT_STANDARD_LIBRARIES = YES;
				CODE_SIGN_STYLE = Automatic;
				CURRENT_PROJECT_VERSION = 1;
				GENERATE_INFOPLIST_FILE = YES;
				MARKETING_VERSION = 1.0;
				PRODUCT_BUNDLE_IDENTIFIER = nwmissouri.edu.ClimateAppUITests;
				PRODUCT_NAME = "$(TARGET_NAME)";
				SWIFT_EMIT_LOC_STRINGS = NO;
				SWIFT_VERSION = 5.0;
				TARGETED_DEVICE_FAMILY = "1,2";
				TEST_TARGET_NAME = ClimateApp;
			};
			name = Debug;
		};
		3746A82D29A50F3900981C1D /* Release */ = {
			isa = XCBuildConfiguration;
			buildSettings = {
				ALWAYS_EMBED_SWIFT_STANDARD_LIBRARIES = YES;
				CODE_SIGN_STYLE = Automatic;
				CURRENT_PROJECT_VERSION = 1;
				GENERATE_INFOPLIST_FILE = YES;
				MARKETING_VERSION = 1.0;
				PRODUCT_BUNDLE_IDENTIFIER = nwmissouri.edu.ClimateAppUITests;
				PRODUCT_NAME = "$(TARGET_NAME)";
				SWIFT_EMIT_LOC_STRINGS = NO;
				SWIFT_VERSION = 5.0;
				TARGETED_DEVICE_FAMILY = "1,2";
				TEST_TARGET_NAME = ClimateApp;
			};
			name = Release;
		};
/* End XCBuildConfiguration section */

/* Begin XCConfigurationList section */
		3746A7F629A50F3800981C1D /* Build configuration list for PBXProject "ClimateApp" */ = {
			isa = XCConfigurationList;
			buildConfigurations = (
				3746A82329A50F3900981C1D /* Debug */,
				3746A82429A50F3900981C1D /* Release */,
			);
			defaultConfigurationIsVisible = 0;
			defaultConfigurationName = Release;
		};
		3746A82529A50F3900981C1D /* Build configuration list for PBXNativeTarget "ClimateApp" */ = {
			isa = XCConfigurationList;
			buildConfigurations = (
				3746A82629A50F3900981C1D /* Debug */,
				3746A82729A50F3900981C1D /* Release */,
			);
			defaultConfigurationIsVisible = 0;
			defaultConfigurationName = Release;
		};
		3746A82829A50F3900981C1D /* Build configuration list for PBXNativeTarget "ClimateAppTests" */ = {
			isa = XCConfigurationList;
			buildConfigurations = (
				3746A82929A50F3900981C1D /* Debug */,
				3746A82A29A50F3900981C1D /* Release */,
			);
			defaultConfigurationIsVisible = 0;
			defaultConfigurationName = Release;
		};
		3746A82B29A50F3900981C1D /* Build configuration list for PBXNativeTarget "ClimateAppUITests" */ = {
			isa = XCConfigurationList;
			buildConfigurations = (
				3746A82C29A50F3900981C1D /* Debug */,
				3746A82D29A50F3900981C1D /* Release */,
			);
			defaultConfigurationIsVisible = 0;
			defaultConfigurationName = Release;
		};
/* End XCConfigurationList section */
	};
	rootObject = 3746A7F329A50F3800981C1D /* Project object */;
}
