// !$*UTF8*$!
{
	archiveVersion = 1;
	classes = {
	};
	objectVersion = 56;
	objects = {

/* Begin PBXBuildFile section */
		375B12AA29E5269300ED95D2 /* AppDelegate.swift in Sources */ = {isa = PBXBuildFile; fileRef = 375B12A929E5269300ED95D2 /* AppDelegate.swift */; };
		375B12AC29E5269300ED95D2 /* SceneDelegate.swift in Sources */ = {isa = PBXBuildFile; fileRef = 375B12AB29E5269300ED95D2 /* SceneDelegate.swift */; };
		375B12AE29E5269300ED95D2 /* HomeViewController.swift in Sources */ = {isa = PBXBuildFile; fileRef = 375B12AD29E5269300ED95D2 /* HomeViewController.swift */; };
		375B12B129E5269300ED95D2 /* Main.storyboard in Resources */ = {isa = PBXBuildFile; fileRef = 375B12AF29E5269300ED95D2 /* Main.storyboard */; };
		375B12B329E5269400ED95D2 /* Assets.xcassets in Resources */ = {isa = PBXBuildFile; fileRef = 375B12B229E5269400ED95D2 /* Assets.xcassets */; };
		375B12B629E5269400ED95D2 /* LaunchScreen.storyboard in Resources */ = {isa = PBXBuildFile; fileRef = 375B12B429E5269400ED95D2 /* LaunchScreen.storyboard */; };
		375B12C129E5269400ED95D2 /* BmiExamTests.swift in Sources */ = {isa = PBXBuildFile; fileRef = 375B12C029E5269400ED95D2 /* BmiExamTests.swift */; };
		375B12CB29E5269400ED95D2 /* BmiExamUITests.swift in Sources */ = {isa = PBXBuildFile; fileRef = 375B12CA29E5269400ED95D2 /* BmiExamUITests.swift */; };
		375B12CD29E5269400ED95D2 /* BmiExamUITestsLaunchTests.swift in Sources */ = {isa = PBXBuildFile; fileRef = 375B12CC29E5269400ED95D2 /* BmiExamUITestsLaunchTests.swift */; };
		375B12DA29E5275A00ED95D2 /* ResultViewController.swift in Sources */ = {isa = PBXBuildFile; fileRef = 375B12D929E5275A00ED95D2 /* ResultViewController.swift */; };
/* End PBXBuildFile section */

/* Begin PBXContainerItemProxy section */
		375B12BD29E5269400ED95D2 /* PBXContainerItemProxy */ = {
			isa = PBXContainerItemProxy;
			containerPortal = 375B129E29E5269300ED95D2 /* Project object */;
			proxyType = 1;
			remoteGlobalIDString = 375B12A529E5269300ED95D2;
			remoteInfo = BmiExam;
		};
		375B12C729E5269400ED95D2 /* PBXContainerItemProxy */ = {
			isa = PBXContainerItemProxy;
			containerPortal = 375B129E29E5269300ED95D2 /* Project object */;
			proxyType = 1;
			remoteGlobalIDString = 375B12A529E5269300ED95D2;
			remoteInfo = BmiExam;
		};
/* End PBXContainerItemProxy section */

/* Begin PBXFileReference section */
		375B12A629E5269300ED95D2 /* BmiExam.app */ = {isa = PBXFileReference; explicitFileType = wrapper.application; includeInIndex = 0; path = BmiExam.app; sourceTree = BUILT_PRODUCTS_DIR; };
		375B12A929E5269300ED95D2 /* AppDelegate.swift */ = {isa = PBXFileReference; lastKnownFileType = sourcecode.swift; path = AppDelegate.swift; sourceTree = "<group>"; };
		375B12AB29E5269300ED95D2 /* SceneDelegate.swift */ = {isa = PBXFileReference; lastKnownFileType = sourcecode.swift; path = SceneDelegate.swift; sourceTree = "<group>"; };
		375B12AD29E5269300ED95D2 /* HomeViewController.swift */ = {isa = PBXFileReference; lastKnownFileType = sourcecode.swift; path = HomeViewController.swift; sourceTree = "<group>"; };
		375B12B029E5269300ED95D2 /* Base */ = {isa = PBXFileReference; lastKnownFileType = file.storyboard; name = Base; path = Base.lproj/Main.storyboard; sourceTree = "<group>"; };
		375B12B229E5269400ED95D2 /* Assets.xcassets */ = {isa = PBXFileReference; lastKnownFileType = folder.assetcatalog; path = Assets.xcassets; sourceTree = "<group>"; };
		375B12B529E5269400ED95D2 /* Base */ = {isa = PBXFileReference; lastKnownFileType = file.storyboard; name = Base; path = Base.lproj/LaunchScreen.storyboard; sourceTree = "<group>"; };
		375B12B729E5269400ED95D2 /* Info.plist */ = {isa = PBXFileReference; lastKnownFileType = text.plist.xml; path = Info.plist; sourceTree = "<group>"; };
		375B12BC29E5269400ED95D2 /* BmiExamTests.xctest */ = {isa = PBXFileReference; explicitFileType = wrapper.cfbundle; includeInIndex = 0; path = BmiExamTests.xctest; sourceTree = BUILT_PRODUCTS_DIR; };
		375B12C029E5269400ED95D2 /* BmiExamTests.swift */ = {isa = PBXFileReference; lastKnownFileType = sourcecode.swift; path = BmiExamTests.swift; sourceTree = "<group>"; };
		375B12C629E5269400ED95D2 /* BmiExamUITests.xctest */ = {isa = PBXFileReference; explicitFileType = wrapper.cfbundle; includeInIndex = 0; path = BmiExamUITests.xctest; sourceTree = BUILT_PRODUCTS_DIR; };
		375B12CA29E5269400ED95D2 /* BmiExamUITests.swift */ = {isa = PBXFileReference; lastKnownFileType = sourcecode.swift; path = BmiExamUITests.swift; sourceTree = "<group>"; };
		375B12CC29E5269400ED95D2 /* BmiExamUITestsLaunchTests.swift */ = {isa = PBXFileReference; lastKnownFileType = sourcecode.swift; path = BmiExamUITestsLaunchTests.swift; sourceTree = "<group>"; };
		375B12D929E5275A00ED95D2 /* ResultViewController.swift */ = {isa = PBXFileReference; lastKnownFileType = sourcecode.swift; path = ResultViewController.swift; sourceTree = "<group>"; };
/* End PBXFileReference section */

/* Begin PBXFrameworksBuildPhase section */
		375B12A329E5269300ED95D2 /* Frameworks */ = {
			isa = PBXFrameworksBuildPhase;
			buildActionMask = 2147483647;
			files = (
			);
			runOnlyForDeploymentPostprocessing = 0;
		};
		375B12B929E5269400ED95D2 /* Frameworks */ = {
			isa = PBXFrameworksBuildPhase;
			buildActionMask = 2147483647;
			files = (
			);
			runOnlyForDeploymentPostprocessing = 0;
		};
		375B12C329E5269400ED95D2 /* Frameworks */ = {
			isa = PBXFrameworksBuildPhase;
			buildActionMask = 2147483647;
			files = (
			);
			runOnlyForDeploymentPostprocessing = 0;
		};
/* End PBXFrameworksBuildPhase section */

/* Begin PBXGroup section */
		375B129D29E5269300ED95D2 = {
			isa = PBXGroup;
			children = (
				375B12A829E5269300ED95D2 /* BmiExam */,
				375B12BF29E5269400ED95D2 /* BmiExamTests */,
				375B12C929E5269400ED95D2 /* BmiExamUITests */,
				375B12A729E5269300ED95D2 /* Products */,
			);
			sourceTree = "<group>";
		};
		375B12A729E5269300ED95D2 /* Products */ = {
			isa = PBXGroup;
			children = (
				375B12A629E5269300ED95D2 /* BmiExam.app */,
				375B12BC29E5269400ED95D2 /* BmiExamTests.xctest */,
				375B12C629E5269400ED95D2 /* BmiExamUITests.xctest */,
			);
			name = Products;
			sourceTree = "<group>";
		};
		375B12A829E5269300ED95D2 /* BmiExam */ = {
			isa = PBXGroup;
			children = (
				375B12A929E5269300ED95D2 /* AppDelegate.swift */,
				375B12AB29E5269300ED95D2 /* SceneDelegate.swift */,
				375B12AD29E5269300ED95D2 /* HomeViewController.swift */,
				375B12AF29E5269300ED95D2 /* Main.storyboard */,
				375B12B229E5269400ED95D2 /* Assets.xcassets */,
				375B12B429E5269400ED95D2 /* LaunchScreen.storyboard */,
				375B12B729E5269400ED95D2 /* Info.plist */,
				375B12D929E5275A00ED95D2 /* ResultViewController.swift */,
			);
			path = BmiExam;
			sourceTree = "<group>";
		};
		375B12BF29E5269400ED95D2 /* BmiExamTests */ = {
			isa = PBXGroup;
			children = (
				375B12C029E5269400ED95D2 /* BmiExamTests.swift */,
			);
			path = BmiExamTests;
			sourceTree = "<group>";
		};
		375B12C929E5269400ED95D2 /* BmiExamUITests */ = {
			isa = PBXGroup;
			children = (
				375B12CA29E5269400ED95D2 /* BmiExamUITests.swift */,
				375B12CC29E5269400ED95D2 /* BmiExamUITestsLaunchTests.swift */,
			);
			path = BmiExamUITests;
			sourceTree = "<group>";
		};
/* End PBXGroup section */

/* Begin PBXNativeTarget section */
		375B12A529E5269300ED95D2 /* BmiExam */ = {
			isa = PBXNativeTarget;
			buildConfigurationList = 375B12D029E5269400ED95D2 /* Build configuration list for PBXNativeTarget "BmiExam" */;
			buildPhases = (
				375B12A229E5269300ED95D2 /* Sources */,
				375B12A329E5269300ED95D2 /* Frameworks */,
				375B12A429E5269300ED95D2 /* Resources */,
			);
			buildRules = (
			);
			dependencies = (
			);
			name = BmiExam;
			productName = BmiExam;
			productReference = 375B12A629E5269300ED95D2 /* BmiExam.app */;
			productType = "com.apple.product-type.application";
		};
		375B12BB29E5269400ED95D2 /* BmiExamTests */ = {
			isa = PBXNativeTarget;
			buildConfigurationList = 375B12D329E5269400ED95D2 /* Build configuration list for PBXNativeTarget "BmiExamTests" */;
			buildPhases = (
				375B12B829E5269400ED95D2 /* Sources */,
				375B12B929E5269400ED95D2 /* Frameworks */,
				375B12BA29E5269400ED95D2 /* Resources */,
			);
			buildRules = (
			);
			dependencies = (
				375B12BE29E5269400ED95D2 /* PBXTargetDependency */,
			);
			name = BmiExamTests;
			productName = BmiExamTests;
			productReference = 375B12BC29E5269400ED95D2 /* BmiExamTests.xctest */;
			productType = "com.apple.product-type.bundle.unit-test";
		};
		375B12C529E5269400ED95D2 /* BmiExamUITests */ = {
			isa = PBXNativeTarget;
			buildConfigurationList = 375B12D629E5269400ED95D2 /* Build configuration list for PBXNativeTarget "BmiExamUITests" */;
			buildPhases = (
				375B12C229E5269400ED95D2 /* Sources */,
				375B12C329E5269400ED95D2 /* Frameworks */,
				375B12C429E5269400ED95D2 /* Resources */,
			);
			buildRules = (
			);
			dependencies = (
				375B12C829E5269400ED95D2 /* PBXTargetDependency */,
			);
			name = BmiExamUITests;
			productName = BmiExamUITests;
			productReference = 375B12C629E5269400ED95D2 /* BmiExamUITests.xctest */;
			productType = "com.apple.product-type.bundle.ui-testing";
		};
/* End PBXNativeTarget section */

/* Begin PBXProject section */
		375B129E29E5269300ED95D2 /* Project object */ = {
			isa = PBXProject;
			attributes = {
				BuildIndependentTargetsInParallel = 1;
				LastSwiftUpdateCheck = 1420;
				LastUpgradeCheck = 1420;
				TargetAttributes = {
					375B12A529E5269300ED95D2 = {
						CreatedOnToolsVersion = 14.2;
					};
					375B12BB29E5269400ED95D2 = {
						CreatedOnToolsVersion = 14.2;
						TestTargetID = 375B12A529E5269300ED95D2;
					};
					375B12C529E5269400ED95D2 = {
						CreatedOnToolsVersion = 14.2;
						TestTargetID = 375B12A529E5269300ED95D2;
					};
				};
			};
			buildConfigurationList = 375B12A129E5269300ED95D2 /* Build configuration list for PBXProject "BmiExam" */;
			compatibilityVersion = "Xcode 14.0";
			developmentRegion = en;
			hasScannedForEncodings = 0;
			knownRegions = (
				en,
				Base,
			);
			mainGroup = 375B129D29E5269300ED95D2;
			productRefGroup = 375B12A729E5269300ED95D2 /* Products */;
			projectDirPath = "";
			projectRoot = "";
			targets = (
				375B12A529E5269300ED95D2 /* BmiExam */,
				375B12BB29E5269400ED95D2 /* BmiExamTests */,
				375B12C529E5269400ED95D2 /* BmiExamUITests */,
			);
		};
/* End PBXProject section */

/* Begin PBXResourcesBuildPhase section */
		375B12A429E5269300ED95D2 /* Resources */ = {
			isa = PBXResourcesBuildPhase;
			buildActionMask = 2147483647;
			files = (
				375B12B629E5269400ED95D2 /* LaunchScreen.storyboard in Resources */,
				375B12B329E5269400ED95D2 /* Assets.xcassets in Resources */,
				375B12B129E5269300ED95D2 /* Main.storyboard in Resources */,
			);
			runOnlyForDeploymentPostprocessing = 0;
		};
		375B12BA29E5269400ED95D2 /* Resources */ = {
			isa = PBXResourcesBuildPhase;
			buildActionMask = 2147483647;
			files = (
			);
			runOnlyForDeploymentPostprocessing = 0;
		};
		375B12C429E5269400ED95D2 /* Resources */ = {
			isa = PBXResourcesBuildPhase;
			buildActionMask = 2147483647;
			files = (
			);
			runOnlyForDeploymentPostprocessing = 0;
		};
/* End PBXResourcesBuildPhase section */

/* Begin PBXSourcesBuildPhase section */
		375B12A229E5269300ED95D2 /* Sources */ = {
			isa = PBXSourcesBuildPhase;
			buildActionMask = 2147483647;
			files = (
				375B12AE29E5269300ED95D2 /* HomeViewController.swift in Sources */,
				375B12AA29E5269300ED95D2 /* AppDelegate.swift in Sources */,
				375B12AC29E5269300ED95D2 /* SceneDelegate.swift in Sources */,
				375B12DA29E5275A00ED95D2 /* ResultViewController.swift in Sources */,
			);
			runOnlyForDeploymentPostprocessing = 0;
		};
		375B12B829E5269400ED95D2 /* Sources */ = {
			isa = PBXSourcesBuildPhase;
			buildActionMask = 2147483647;
			files = (
				375B12C129E5269400ED95D2 /* BmiExamTests.swift in Sources */,
			);
			runOnlyForDeploymentPostprocessing = 0;
		};
		375B12C229E5269400ED95D2 /* Sources */ = {
			isa = PBXSourcesBuildPhase;
			buildActionMask = 2147483647;
			files = (
				375B12CD29E5269400ED95D2 /* BmiExamUITestsLaunchTests.swift in Sources */,
				375B12CB29E5269400ED95D2 /* BmiExamUITests.swift in Sources */,
			);
			runOnlyForDeploymentPostprocessing = 0;
		};
/* End PBXSourcesBuildPhase section */

/* Begin PBXTargetDependency section */
		375B12BE29E5269400ED95D2 /* PBXTargetDependency */ = {
			isa = PBXTargetDependency;
			target = 375B12A529E5269300ED95D2 /* BmiExam */;
			targetProxy = 375B12BD29E5269400ED95D2 /* PBXContainerItemProxy */;
		};
		375B12C829E5269400ED95D2 /* PBXTargetDependency */ = {
			isa = PBXTargetDependency;
			target = 375B12A529E5269300ED95D2 /* BmiExam */;
			targetProxy = 375B12C729E5269400ED95D2 /* PBXContainerItemProxy */;
		};
/* End PBXTargetDependency section */

/* Begin PBXVariantGroup section */
		375B12AF29E5269300ED95D2 /* Main.storyboard */ = {
			isa = PBXVariantGroup;
			children = (
				375B12B029E5269300ED95D2 /* Base */,
			);
			name = Main.storyboard;
			sourceTree = "<group>";
		};
		375B12B429E5269400ED95D2 /* LaunchScreen.storyboard */ = {
			isa = PBXVariantGroup;
			children = (
				375B12B529E5269400ED95D2 /* Base */,
			);
			name = LaunchScreen.storyboard;
			sourceTree = "<group>";
		};
/* End PBXVariantGroup section */

/* Begin XCBuildConfiguration section */
		375B12CE29E5269400ED95D2 /* Debug */ = {
			isa = XCBuildConfiguration;
			buildSettings = {
				ALWAYS_SEARCH_USER_PATHS = NO;
				CLANG_ANALYZER_NONNULL = YES;
				CLANG_ANALYZER_NUMBER_OBJECT_CONVERSION = YES_AGGRESSIVE;
				CLANG_CXX_LANGUAGE_STANDARD = "gnu++20";
				CLANG_ENABLE_MODULES = YES;
				CLANG_ENABLE_OBJC_ARC = YES;
				CLANG_ENABLE_OBJC_WEAK = YES;
				CLANG_WARN_BLOCK_CAPTURE_AUTORELEASING = YES;
				CLANG_WARN_BOOL_CONVERSION = YES;
				CLANG_WARN_COMMA = YES;
				CLANG_WARN_CONSTANT_CONVERSION = YES;
				CLANG_WARN_DEPRECATED_OBJC_IMPLEMENTATIONS = YES;
				CLANG_WARN_DIRECT_OBJC_ISA_USAGE = YES_ERROR;
				CLANG_WARN_DOCUMENTATION_COMMENTS = YES;
				CLANG_WARN_EMPTY_BODY = YES;
				CLANG_WARN_ENUM_CONVERSION = YES;
				CLANG_WARN_INFINITE_RECURSION = YES;
				CLANG_WARN_INT_CONVERSION = YES;
				CLANG_WARN_NON_LITERAL_NULL_CONVERSION = YES;
				CLANG_WARN_OBJC_IMPLICIT_RETAIN_SELF = YES;
				CLANG_WARN_OBJC_LITERAL_CONVERSION = YES;
				CLANG_WARN_OBJC_ROOT_CLASS = YES_ERROR;
				CLANG_WARN_QUOTED_INCLUDE_IN_FRAMEWORK_HEADER = YES;
				CLANG_WARN_RANGE_LOOP_ANALYSIS = YES;
				CLANG_WARN_STRICT_PROTOTYPES = YES;
				CLANG_WARN_SUSPICIOUS_MOVE = YES;
				CLANG_WARN_UNGUARDED_AVAILABILITY = YES_AGGRESSIVE;
				CLANG_WARN_UNREACHABLE_CODE = YES;
				CLANG_WARN__DUPLICATE_METHOD_MATCH = YES;
				COPY_PHASE_STRIP = NO;
				DEBUG_INFORMATION_FORMAT = dwarf;
				ENABLE_STRICT_OBJC_MSGSEND = YES;
				ENABLE_TESTABILITY = YES;
				GCC_C_LANGUAGE_STANDARD = gnu11;
				GCC_DYNAMIC_NO_PIC = NO;
				GCC_NO_COMMON_BLOCKS = YES;
				GCC_OPTIMIZATION_LEVEL = 0;
				GCC_PREPROCESSOR_DEFINITIONS = (
					"DEBUG=1",
					"$(inherited)",
				);
				GCC_WARN_64_TO_32_BIT_CONVERSION = YES;
				GCC_WARN_ABOUT_RETURN_TYPE = YES_ERROR;
				GCC_WARN_UNDECLARED_SELECTOR = YES;
				GCC_WARN_UNINITIALIZED_AUTOS = YES_AGGRESSIVE;
				GCC_WARN_UNUSED_FUNCTION = YES;
				GCC_WARN_UNUSED_VARIABLE = YES;
				IPHONEOS_DEPLOYMENT_TARGET = 16.2;
				MTL_ENABLE_DEBUG_INFO = INCLUDE_SOURCE;
				MTL_FAST_MATH = YES;
				ONLY_ACTIVE_ARCH = YES;
				SDKROOT = iphoneos;
				SWIFT_ACTIVE_COMPILATION_CONDITIONS = DEBUG;
				SWIFT_OPTIMIZATION_LEVEL = "-Onone";
			};
			name = Debug;
		};
		375B12CF29E5269400ED95D2 /* Release */ = {
			isa = XCBuildConfiguration;
			buildSettings = {
				ALWAYS_SEARCH_USER_PATHS = NO;
				CLANG_ANALYZER_NONNULL = YES;
				CLANG_ANALYZER_NUMBER_OBJECT_CONVERSION = YES_AGGRESSIVE;
				CLANG_CXX_LANGUAGE_STANDARD = "gnu++20";
				CLANG_ENABLE_MODULES = YES;
				CLANG_ENABLE_OBJC_ARC = YES;
				CLANG_ENABLE_OBJC_WEAK = YES;
				CLANG_WARN_BLOCK_CAPTURE_AUTORELEASING = YES;
				CLANG_WARN_BOOL_CONVERSION = YES;
				CLANG_WARN_COMMA = YES;
				CLANG_WARN_CONSTANT_CONVERSION = YES;
				CLANG_WARN_DEPRECATED_OBJC_IMPLEMENTATIONS = YES;
				CLANG_WARN_DIRECT_OBJC_ISA_USAGE = YES_ERROR;
				CLANG_WARN_DOCUMENTATION_COMMENTS = YES;
				CLANG_WARN_EMPTY_BODY = YES;
				CLANG_WARN_ENUM_CONVERSION = YES;
				CLANG_WARN_INFINITE_RECURSION = YES;
				CLANG_WARN_INT_CONVERSION = YES;
				CLANG_WARN_NON_LITERAL_NULL_CONVERSION = YES;
				CLANG_WARN_OBJC_IMPLICIT_RETAIN_SELF = YES;
				CLANG_WARN_OBJC_LITERAL_CONVERSION = YES;
				CLANG_WARN_OBJC_ROOT_CLASS = YES_ERROR;
				CLANG_WARN_QUOTED_INCLUDE_IN_FRAMEWORK_HEADER = YES;
				CLANG_WARN_RANGE_LOOP_ANALYSIS = YES;
				CLANG_WARN_STRICT_PROTOTYPES = YES;
				CLANG_WARN_SUSPICIOUS_MOVE = YES;
				CLANG_WARN_UNGUARDED_AVAILABILITY = YES_AGGRESSIVE;
				CLANG_WARN_UNREACHABLE_CODE = YES;
				CLANG_WARN__DUPLICATE_METHOD_MATCH = YES;
				COPY_PHASE_STRIP = NO;
				DEBUG_INFORMATION_FORMAT = "dwarf-with-dsym";
				ENABLE_NS_ASSERTIONS = NO;
				ENABLE_STRICT_OBJC_MSGSEND = YES;
				GCC_C_LANGUAGE_STANDARD = gnu11;
				GCC_NO_COMMON_BLOCKS = YES;
				GCC_WARN_64_TO_32_BIT_CONVERSION = YES;
				GCC_WARN_ABOUT_RETURN_TYPE = YES_ERROR;
				GCC_WARN_UNDECLARED_SELECTOR = YES;
				GCC_WARN_UNINITIALIZED_AUTOS = YES_AGGRESSIVE;
				GCC_WARN_UNUSED_FUNCTION = YES;
				GCC_WARN_UNUSED_VARIABLE = YES;
				IPHONEOS_DEPLOYMENT_TARGET = 16.2;
				MTL_ENABLE_DEBUG_INFO = NO;
				MTL_FAST_MATH = YES;
				SDKROOT = iphoneos;
				SWIFT_COMPILATION_MODE = wholemodule;
				SWIFT_OPTIMIZATION_LEVEL = "-O";
				VALIDATE_PRODUCT = YES;
			};
			name = Release;
		};
		375B12D129E5269400ED95D2 /* Debug */ = {
			isa = XCBuildConfiguration;
			buildSettings = {
				ASSETCATALOG_COMPILER_APPICON_NAME = AppIcon;
				ASSETCATALOG_COMPILER_GLOBAL_ACCENT_COLOR_NAME = AccentColor;
				CODE_SIGN_STYLE = Automatic;
				CURRENT_PROJECT_VERSION = 1;
				GENERATE_INFOPLIST_FILE = YES;
				INFOPLIST_FILE = BmiExam/Info.plist;
				INFOPLIST_KEY_UIApplicationSupportsIndirectInputEvents = YES;
				INFOPLIST_KEY_UILaunchStoryboardName = LaunchScreen;
				INFOPLIST_KEY_UIMainStoryboardFile = Main;
				INFOPLIST_KEY_UISupportedInterfaceOrientations_iPad = "UIInterfaceOrientationPortrait UIInterfaceOrientationPortraitUpsideDown UIInterfaceOrientationLandscapeLeft UIInterfaceOrientationLandscapeRight";
				INFOPLIST_KEY_UISupportedInterfaceOrientations_iPhone = "UIInterfaceOrientationPortrait UIInterfaceOrientationLandscapeLeft UIInterfaceOrientationLandscapeRight";
				LD_RUNPATH_SEARCH_PATHS = (
					"$(inherited)",
					"@executable_path/Frameworks",
				);
				MARKETING_VERSION = 1.0;
				PRODUCT_BUNDLE_IDENTIFIER = nwmissouri.edu.BmiExam;
				PRODUCT_NAME = "$(TARGET_NAME)";
				SWIFT_EMIT_LOC_STRINGS = YES;
				SWIFT_VERSION = 5.0;
				TARGETED_DEVICE_FAMILY = "1,2";
			};
			name = Debug;
		};
		375B12D229E5269400ED95D2 /* Release */ = {
			isa = XCBuildConfiguration;
			buildSettings = {
				ASSETCATALOG_COMPILER_APPICON_NAME = AppIcon;
				ASSETCATALOG_COMPILER_GLOBAL_ACCENT_COLOR_NAME = AccentColor;
				CODE_SIGN_STYLE = Automatic;
				CURRENT_PROJECT_VERSION = 1;
				GENERATE_INFOPLIST_FILE = YES;
				INFOPLIST_FILE = BmiExam/Info.plist;
				INFOPLIST_KEY_UIApplicationSupportsIndirectInputEvents = YES;
				INFOPLIST_KEY_UILaunchStoryboardName = LaunchScreen;
				INFOPLIST_KEY_UIMainStoryboardFile = Main;
				INFOPLIST_KEY_UISupportedInterfaceOrientations_iPad = "UIInterfaceOrientationPortrait UIInterfaceOrientationPortraitUpsideDown UIInterfaceOrientationLandscapeLeft UIInterfaceOrientationLandscapeRight";
				INFOPLIST_KEY_UISupportedInterfaceOrientations_iPhone = "UIInterfaceOrientationPortrait UIInterfaceOrientationLandscapeLeft UIInterfaceOrientationLandscapeRight";
				LD_RUNPATH_SEARCH_PATHS = (
					"$(inherited)",
					"@executable_path/Frameworks",
				);
				MARKETING_VERSION = 1.0;
				PRODUCT_BUNDLE_IDENTIFIER = nwmissouri.edu.BmiExam;
				PRODUCT_NAME = "$(TARGET_NAME)";
				SWIFT_EMIT_LOC_STRINGS = YES;
				SWIFT_VERSION = 5.0;
				TARGETED_DEVICE_FAMILY = "1,2";
			};
			name = Release;
		};
		375B12D429E5269400ED95D2 /* Debug */ = {
			isa = XCBuildConfiguration;
			buildSettings = {
				ALWAYS_EMBED_SWIFT_STANDARD_LIBRARIES = YES;
				BUNDLE_LOADER = "$(TEST_HOST)";
				CODE_SIGN_STYLE = Automatic;
				CURRENT_PROJECT_VERSION = 1;
				GENERATE_INFOPLIST_FILE = YES;
				IPHONEOS_DEPLOYMENT_TARGET = 16.2;
				MARKETING_VERSION = 1.0;
				PRODUCT_BUNDLE_IDENTIFIER = nwmissouri.edu.BmiExamTests;
				PRODUCT_NAME = "$(TARGET_NAME)";
				SWIFT_EMIT_LOC_STRINGS = NO;
				SWIFT_VERSION = 5.0;
				TARGETED_DEVICE_FAMILY = "1,2";
				TEST_HOST = "$(BUILT_PRODUCTS_DIR)/BmiExam.app/$(BUNDLE_EXECUTABLE_FOLDER_PATH)/BmiExam";
			};
			name = Debug;
		};
		375B12D529E5269400ED95D2 /* Release */ = {
			isa = XCBuildConfiguration;
			buildSettings = {
				ALWAYS_EMBED_SWIFT_STANDARD_LIBRARIES = YES;
				BUNDLE_LOADER = "$(TEST_HOST)";
				CODE_SIGN_STYLE = Automatic;
				CURRENT_PROJECT_VERSION = 1;
				GENERATE_INFOPLIST_FILE = YES;
				IPHONEOS_DEPLOYMENT_TARGET = 16.2;
				MARKETING_VERSION = 1.0;
				PRODUCT_BUNDLE_IDENTIFIER = nwmissouri.edu.BmiExamTests;
				PRODUCT_NAME = "$(TARGET_NAME)";
				SWIFT_EMIT_LOC_STRINGS = NO;
				SWIFT_VERSION = 5.0;
				TARGETED_DEVICE_FAMILY = "1,2";
				TEST_HOST = "$(BUILT_PRODUCTS_DIR)/BmiExam.app/$(BUNDLE_EXECUTABLE_FOLDER_PATH)/BmiExam";
			};
			name = Release;
		};
		375B12D729E5269400ED95D2 /* Debug */ = {
			isa = XCBuildConfiguration;
			buildSettings = {
				ALWAYS_EMBED_SWIFT_STANDARD_LIBRARIES = YES;
				CODE_SIGN_STYLE = Automatic;
				CURRENT_PROJECT_VERSION = 1;
				GENERATE_INFOPLIST_FILE = YES;
				MARKETING_VERSION = 1.0;
				PRODUCT_BUNDLE_IDENTIFIER = nwmissouri.edu.BmiExamUITests;
				PRODUCT_NAME = "$(TARGET_NAME)";
				SWIFT_EMIT_LOC_STRINGS = NO;
				SWIFT_VERSION = 5.0;
				TARGETED_DEVICE_FAMILY = "1,2";
				TEST_TARGET_NAME = BmiExam;
			};
			name = Debug;
		};
		375B12D829E5269400ED95D2 /* Release */ = {
			isa = XCBuildConfiguration;
			buildSettings = {
				ALWAYS_EMBED_SWIFT_STANDARD_LIBRARIES = YES;
				CODE_SIGN_STYLE = Automatic;
				CURRENT_PROJECT_VERSION = 1;
				GENERATE_INFOPLIST_FILE = YES;
				MARKETING_VERSION = 1.0;
				PRODUCT_BUNDLE_IDENTIFIER = nwmissouri.edu.BmiExamUITests;
				PRODUCT_NAME = "$(TARGET_NAME)";
				SWIFT_EMIT_LOC_STRINGS = NO;
				SWIFT_VERSION = 5.0;
				TARGETED_DEVICE_FAMILY = "1,2";
				TEST_TARGET_NAME = BmiExam;
			};
			name = Release;
		};
/* End XCBuildConfiguration section */

/* Begin XCConfigurationList section */
		375B12A129E5269300ED95D2 /* Build configuration list for PBXProject "BmiExam" */ = {
			isa = XCConfigurationList;
			buildConfigurations = (
				375B12CE29E5269400ED95D2 /* Debug */,
				375B12CF29E5269400ED95D2 /* Release */,
			);
			defaultConfigurationIsVisible = 0;
			defaultConfigurationName = Release;
		};
		375B12D029E5269400ED95D2 /* Build configuration list for PBXNativeTarget "BmiExam" */ = {
			isa = XCConfigurationList;
			buildConfigurations = (
				375B12D129E5269400ED95D2 /* Debug */,
				375B12D229E5269400ED95D2 /* Release */,
			);
			defaultConfigurationIsVisible = 0;
			defaultConfigurationName = Release;
		};
		375B12D329E5269400ED95D2 /* Build configuration list for PBXNativeTarget "BmiExamTests" */ = {
			isa = XCConfigurationList;
			buildConfigurations = (
				375B12D429E5269400ED95D2 /* Debug */,
				375B12D529E5269400ED95D2 /* Release */,
			);
			defaultConfigurationIsVisible = 0;
			defaultConfigurationName = Release;
		};
		375B12D629E5269400ED95D2 /* Build configuration list for PBXNativeTarget "BmiExamUITests" */ = {
			isa = XCConfigurationList;
			buildConfigurations = (
				375B12D729E5269400ED95D2 /* Debug */,
				375B12D829E5269400ED95D2 /* Release */,
			);
			defaultConfigurationIsVisible = 0;
			defaultConfigurationName = Release;
		};
/* End XCConfigurationList section */
	};
	rootObject = 375B129E29E5269300ED95D2 /* Project object */;
}
